
Microsoft Visual Studio Solution File, Format Version 11.00
# Visual C++ Express 2010
Project("{8BC9CEB8-8B4A-11D0-8D11-00A0C91BC942}") = "fenix_file", "fenix_file\fenix_file.vcxproj", "{0B49E8D4-BEC2-4C12-88CC-863A1074BDF0}"
EndProject
Global
	GlobalSection(SolutionConfigurationPlatforms) = preSolution
		Debug|Win32 = Debug|Win32
		Release|Win32 = Release|Win32
	EndGlobalSection
	GlobalSection(ProjectConfigurationPlatforms) = postSolution
		{0B49E8D4-BEC2-4C12-88CC-863A1074BDF0}.Debug|Win32.ActiveCfg = Debug|Win32
		{0B49E8D4-BEC2-4C12-88CC-863A1074BDF0}.Debug|Win32.Build.0 = Debug|Win32
		{0B49E8D4-BEC2-4C12-88CC-863A1074BDF0}.Release|Win32.ActiveCfg = Release|Win32
		{0B49E8D4-BEC2-4C12-88CC-863A1074BDF0}.Release|Win32.Build.0 = Release|Win32
	EndGlobalSection
	GlobalSection(SolutionProperties) = preSolution
		HideSolutionNode = FALSE
	EndGlobalSection
EndGlobal
