<?xml version="1.0" encoding="utf-8"?>
<Project ToolsVersion="4.0" xmlns="http://schemas.microsoft.com/developer/msbuild/2003">
  <ItemGroup>
    <Filter Include="Source Files">
      <UniqueIdentifier>{4FC737F1-C7A5-4376-A066-2A32D752A2FF}</UniqueIdentifier>
      <Extensions>cpp;c;cc;cxx;def;odl;idl;hpj;bat;asm;asmx</Extensions>
    </Filter>
    <Filter Include="Resource Files">
      <UniqueIdentifier>{67DA6AB6-F800-4c08-8B7A-83BB121AAD01}</UniqueIdentifier>
      <Extensions>rc;ico;cur;bmp;dlg;rc2;rct;bin;rgs;gif;jpg;jpeg;jpe;resx;tiff;tif;png;wav;mfcribbon-ms</Extensions>
    </Filter>
    <Filter Include="external">
      <UniqueIdentifier>{93995380-89BD-4b04-88EB-625FBE52EBFB}</UniqueIdentifier>
      <Extensions>h;hpp;hxx;hm;inl;inc;xsd</Extensions>
    </Filter>
    <Filter Include="external\clax">
      <UniqueIdentifier>{a90e0123-89e4-46cb-8d55-e28c35e2588c}</UniqueIdentifier>
    </Filter>
    <Filter Include="external\dune">
      <UniqueIdentifier>{4244ed02-a272-44c8-896b-cc452e1d1089}</UniqueIdentifier>
    </Filter>
    <Filter Include="external\dune\io">
      <UniqueIdentifier>{f23c87e7-92aa-4865-8092-c89e7193657e}</UniqueIdentifier>
    </Filter>
    <Filter Include="external\dune\gfx">
      <UniqueIdentifier>{e0c12323-3ce4-457c-b5de-5624bf2d838d}</UniqueIdentifier>
    </Filter>
    <Filter Include="external\dune\math">
      <UniqueIdentifier>{772ef0b7-d4b4-4f84-b5ec-ed2a7a688b4d}</UniqueIdentifier>
    </Filter>
    <Filter Include="external\dune\ui">
      <UniqueIdentifier>{7d4e2f81-bf5e-4e1d-aa74-342cc3a87088}</UniqueIdentifier>
    </Filter>
    <Filter Include="external\rapidxml">
      <UniqueIdentifier>{7487e26b-08ed-4deb-a217-f13068f444f5}</UniqueIdentifier>
    </Filter>
  </ItemGroup>
  <ItemGroup>
    <None Include="ReadMe.txt" />
    <None Include="Game.ico">
      <Filter>Resource Files</Filter>
    </None>
  </ItemGroup>
  <ItemGroup>
    <ClCompile Include="Game.cpp">
      <Filter>Source Files</Filter>
    </ClCompile>
    <ClCompile Include="Congratulations.cpp">
      <Filter>Source Files</Filter>
    </ClCompile>
    <ClCompile Include="Ingame.cpp">
      <Filter>Source Files</Filter>
    </ClCompile>
    <ClCompile Include="dune\gfx\Animation.cpp">
      <Filter>external\dune\gfx</Filter>
    </ClCompile>
    <ClCompile Include="dune\gfx\FontTTF.cpp">
      <Filter>external\dune\gfx</Filter>
    </ClCompile>
    <ClCompile Include="dune\gfx\FXManager.cpp">
      <Filter>external\dune\gfx</Filter>
    </ClCompile>
    <ClCompile Include="dune\gfx\OGL.cpp">
      <Filter>external\dune\gfx</Filter>
    </ClCompile>
    <ClCompile Include="dune\gfx\Particle2D.cpp">
      <Filter>external\dune\gfx</Filter>
    </ClCompile>
    <ClCompile Include="dune\gfx\Particle2DManager.cpp">
      <Filter>external\dune\gfx</Filter>
    </ClCompile>
    <ClCompile Include="dune\gfx\Popup.cpp">
      <Filter>external\dune\gfx</Filter>
    </ClCompile>
    <ClCompile Include="dune\gfx\Screen.cpp">
      <Filter>external\dune\gfx</Filter>
    </ClCompile>
    <ClCompile Include="dune\gfx\Sprite.cpp">
      <Filter>external\dune\gfx</Filter>
    </ClCompile>
    <ClCompile Include="dune\gfx\SpriteObject.cpp">
      <Filter>external\dune\gfx</Filter>
    </ClCompile>
    <ClCompile Include="dune\io\Datafile.cpp">
      <Filter>external\dune\io</Filter>
    </ClCompile>
    <ClCompile Include="dune\io\GameSettings.cpp">
      <Filter>external\dune\io</Filter>
    </ClCompile>
    <ClCompile Include="dune\io\HighScore.cpp">
      <Filter>external\dune\io</Filter>
    </ClCompile>
    <ClCompile Include="dune\io\Profile.cpp">
      <Filter>external\dune\io</Filter>
    </ClCompile>
    <ClCompile Include="dune\io\Unzip.cpp">
      <Filter>external\dune\io</Filter>
    </ClCompile>
    <ClCompile Include="dune\io\Zip.cpp">
      <Filter>external\dune\io</Filter>
    </ClCompile>
    <ClCompile Include="dune\math\Bezier.cpp">
      <Filter>external\dune\math</Filter>
    </ClCompile>
    <ClCompile Include="dune\math\CRSpline.cpp">
      <Filter>external\dune\math</Filter>
    </ClCompile>
    <ClCompile Include="dune\math\SinTable.cpp">
      <Filter>external\dune\math</Filter>
    </ClCompile>
    <ClCompile Include="dune\math\Tween.cpp">
      <Filter>external\dune\math</Filter>
    </ClCompile>
    <ClCompile Include="dune\ui\Button.cpp">
      <Filter>external\dune\ui</Filter>
    </ClCompile>
    <ClCompile Include="dune\ui\Checkbox.cpp">
      <Filter>external\dune\ui</Filter>
    </ClCompile>
    <ClCompile Include="dune\ui\MobileKeyboard.cpp">
      <Filter>external\dune\ui</Filter>
    </ClCompile>
    <ClCompile Include="dune\ui\Mouse.cpp">
      <Filter>external\dune\ui</Filter>
    </ClCompile>
    <ClCompile Include="dune\ui\SpriteFont.cpp">
      <Filter>external\dune\ui</Filter>
    </ClCompile>
    <ClCompile Include="dune\GameObject.cpp">
      <Filter>external\dune</Filter>
    </ClCompile>
    <ClCompile Include="clax\camera.cpp">
      <Filter>external\clax</Filter>
    </ClCompile>
    <ClCompile Include="clax\clax.cpp">
      <Filter>external\clax</Filter>
    </ClCompile>
    <ClCompile Include="clax\file_3ds.cpp">
      <Filter>external\clax</Filter>
    </ClCompile>
    <ClCompile Include="clax\file_clx.cpp">
      <Filter>external\clax</Filter>
    </ClCompile>
    <ClCompile Include="clax\matrix.cpp">
      <Filter>external\clax</Filter>
    </ClCompile>
    <ClCompile Include="clax\quatern.cpp">
      <Filter>external\clax</Filter>
    </ClCompile>
    <ClCompile Include="clax\spline.cpp">
      <Filter>external\clax</Filter>
    </ClCompile>
    <ClCompile Include="clax\vector.cpp">
      <Filter>external\clax</Filter>
    </ClCompile>
    <ClCompile Include="dune\math\Hermite.cpp">
      <Filter>external\dune\math</Filter>
    </ClCompile>
    <ClCompile Include="dune\math\BSpline.cpp">
      <Filter>external\dune\math</Filter>
    </ClCompile>
    <ClCompile Include="dune\math\HSV.cpp">
      <Filter>external\dune\math</Filter>
    </ClCompile>
    <ClCompile Include="dune\math\Clamp.cpp">
      <Filter>external\dune\math</Filter>
    </ClCompile>
  </ItemGroup>
  <ItemGroup>
    <ClInclude Include="dune\gfx\Animation.h">
      <Filter>external\dune\gfx</Filter>
    </ClInclude>
    <ClInclude Include="dune\gfx\FXManager.h">
      <Filter>external\dune\gfx</Filter>
    </ClInclude>
    <ClInclude Include="dune\gfx\OGL.h">
      <Filter>external\dune\gfx</Filter>
    </ClInclude>
    <ClInclude Include="dune\gfx\Particle2D.h">
      <Filter>external\dune\gfx</Filter>
    </ClInclude>
    <ClInclude Include="dune\gfx\Particle2DManager.h">
      <Filter>external\dune\gfx</Filter>
    </ClInclude>
    <ClInclude Include="dune\gfx\Popup.h">
      <Filter>external\dune\gfx</Filter>
    </ClInclude>
    <ClInclude Include="dune\gfx\Screen.h">
      <Filter>external\dune\gfx</Filter>
    </ClInclude>
    <ClInclude Include="dune\gfx\Sprite.h">
      <Filter>external\dune\gfx</Filter>
    </ClInclude>
    <ClInclude Include="dune\gfx\SpriteObject.h">
      <Filter>external\dune\gfx</Filter>
    </ClInclude>
    <ClInclude Include="dune\io\Datafile.h">
      <Filter>external\dune\io</Filter>
    </ClInclude>
    <ClInclude Include="dune\io\GameSettings.h">
      <Filter>external\dune\io</Filter>
    </ClInclude>
    <ClInclude Include="dune\io\HighScore.h">
      <Filter>external\dune\io</Filter>
    </ClInclude>
    <ClInclude Include="dune\io\Profile.h">
      <Filter>external\dune\io</Filter>
    </ClInclude>
    <ClInclude Include="dune\io\Unzip.h">
      <Filter>external\dune\io</Filter>
    </ClInclude>
    <ClInclude Include="dune\io\Zip.h">
      <Filter>external\dune\io</Filter>
    </ClInclude>
    <ClInclude Include="dune\math\Bezier.h">
      <Filter>external\dune\math</Filter>
    </ClInclude>
    <ClInclude Include="dune\math\CRSpline.h">
      <Filter>external\dune\math</Filter>
    </ClInclude>
    <ClInclude Include="dune\math\SinTable.h">
      <Filter>external\dune\math</Filter>
    </ClInclude>
    <ClInclude Include="dune\math\Tween.h">
      <Filter>external\dune\math</Filter>
    </ClInclude>
    <ClInclude Include="dune\math\Vec3.h">
      <Filter>external\dune\math</Filter>
    </ClInclude>
    <ClInclude Include="dune\ui\Button.h">
      <Filter>external\dune\ui</Filter>
    </ClInclude>
    <ClInclude Include="dune\ui\Checkbox.h">
      <Filter>external\dune\ui</Filter>
    </ClInclude>
    <ClInclude Include="dune\ui\MobileKeyboard.h">
      <Filter>external\dune\ui</Filter>
    </ClInclude>
    <ClInclude Include="dune\ui\Mouse.h">
      <Filter>external\dune\ui</Filter>
    </ClInclude>
    <ClInclude Include="dune\ui\SpriteFont.h">
      <Filter>external\dune\ui</Filter>
    </ClInclude>
    <ClInclude Include="dune\GameObject.h">
      <Filter>external\dune</Filter>
    </ClInclude>
    <ClInclude Include="dune\gfx\FontTTF.h">
      <Filter>external\dune\gfx</Filter>
    </ClInclude>
    <ClInclude Include="clax\clax.h">
      <Filter>external\clax</Filter>
    </ClInclude>
    <ClInclude Include="clax\claxi.h">
      <Filter>external\clax</Filter>
    </ClInclude>
    <ClInclude Include="dune\math\Vector.h">
      <Filter>external\dune\math</Filter>
    </ClInclude>
    <ClInclude Include="dune\math\Hermite.h">
      <Filter>external\dune\math</Filter>
    </ClInclude>
    <ClInclude Include="dune\math\BSpline.h">
      <Filter>external\dune\math</Filter>
    </ClInclude>
    <ClInclude Include="Congratulations.h">
      <Filter>Source Files</Filter>
    </ClInclude>
    <ClInclude Include="Game.h">
      <Filter>Source Files</Filter>
    </ClInclude>
    <ClInclude Include="Ingame.h">
      <Filter>Source Files</Filter>
    </ClInclude>
    <ClInclude Include="rapidxml\rapidxml.hpp">
      <Filter>external\rapidxml</Filter>
    </ClInclude>
    <ClInclude Include="rapidxml\rapidxml_iterators.hpp">
      <Filter>external\rapidxml</Filter>
    </ClInclude>
    <ClInclude Include="rapidxml\rapidxml_print.hpp">
      <Filter>external\rapidxml</Filter>
    </ClInclude>
    <ClInclude Include="rapidxml\rapidxml_utils.hpp">
      <Filter>external\rapidxml</Filter>
    </ClInclude>
    <ClInclude Include="dune\math\HSV.h">
      <Filter>external\dune\math</Filter>
    </ClInclude>
    <ClInclude Include="dune\math\Clamp.h">
      <Filter>external\dune\math</Filter>
    </ClInclude>
  </ItemGroup>
  <ItemGroup>
    <ResourceCompile Include="resource.rc">
      <Filter>Resource Files</Filter>
    </ResourceCompile>
  </ItemGroup>
</Project>