<?xml version="1.0" encoding="utf-8"?>
<Project ToolsVersion="4.0" xmlns="http://schemas.microsoft.com/developer/msbuild/2003">
  <ItemGroup>
    <Filter Include="Source Files">
      <UniqueIdentifier>{4FC737F1-C7A5-4376-A066-2A32D752A2FF}</UniqueIdentifier>
      <Extensions>cpp;c;cc;cxx;def;odl;idl;hpj;bat;asm;asmx</Extensions>
    </Filter>
    <Filter Include="Resource Files">
      <UniqueIdentifier>{67DA6AB6-F800-4c08-8B7A-83BB121AAD01}</UniqueIdentifier>
      <Extensions>rc;ico;cur;bmp;dlg;rc2;rct;bin;rgs;gif;jpg;jpeg;jpe;resx;tiff;tif;png;wav;mfcribbon-ms</Extensions>
    </Filter>
    <Filter Include="Source Files\app">
      <UniqueIdentifier>{06d7ef87-b7b3-4e63-b91a-d260ff2b4669}</UniqueIdentifier>
    </Filter>
    <Filter Include="Source Files\clax">
      <UniqueIdentifier>{a90e0123-89e4-46cb-8d55-e28c35e2588c}</UniqueIdentifier>
    </Filter>
    <Filter Include="Source Files\common">
      <UniqueIdentifier>{e43debc5-77b7-41a9-9aa5-157268736fa4}</UniqueIdentifier>
    </Filter>
    <Filter Include="Source Files\gfx">
      <UniqueIdentifier>{2501316f-e8a4-4972-aed0-c97324da6c4c}</UniqueIdentifier>
    </Filter>
    <Filter Include="Source Files\rapidxml">
      <UniqueIdentifier>{7487e26b-08ed-4deb-a217-f13068f444f5}</UniqueIdentifier>
    </Filter>
    <Filter Include="Source Files\math">
      <UniqueIdentifier>{cc77a34b-3a92-464e-9d43-d8702530b14c}</UniqueIdentifier>
    </Filter>
    <Filter Include="Source Files\ui">
      <UniqueIdentifier>{5a0bca57-5d19-4d3c-b377-5e6f228460a6}</UniqueIdentifier>
    </Filter>
    <Filter Include="Source Files\io">
      <UniqueIdentifier>{602f106a-8766-47fe-a2eb-1e7bc0d51c16}</UniqueIdentifier>
    </Filter>
  </ItemGroup>
  <ItemGroup>
    <None Include="ReadMe.txt" />
    <None Include="Game.ico">
      <Filter>Resource Files</Filter>
    </None>
  </ItemGroup>
  <ItemGroup>
    <ClCompile Include="Game.cpp">
      <Filter>Source Files</Filter>
    </ClCompile>
    <ClCompile Include="clax\camera.cpp">
      <Filter>Source Files\clax</Filter>
    </ClCompile>
    <ClCompile Include="clax\clax.cpp">
      <Filter>Source Files\clax</Filter>
    </ClCompile>
    <ClCompile Include="clax\file_3ds.cpp">
      <Filter>Source Files\clax</Filter>
    </ClCompile>
    <ClCompile Include="clax\file_clx.cpp">
      <Filter>Source Files\clax</Filter>
    </ClCompile>
    <ClCompile Include="clax\matrix.cpp">
      <Filter>Source Files\clax</Filter>
    </ClCompile>
    <ClCompile Include="clax\quatern.cpp">
      <Filter>Source Files\clax</Filter>
    </ClCompile>
    <ClCompile Include="clax\spline.cpp">
      <Filter>Source Files\clax</Filter>
    </ClCompile>
    <ClCompile Include="clax\vector.cpp">
      <Filter>Source Files\clax</Filter>
    </ClCompile>
    <ClCompile Include="common\GameObject.cpp">
      <Filter>Source Files\common</Filter>
    </ClCompile>
    <ClCompile Include="gfx\Animation.cpp">
      <Filter>Source Files\gfx</Filter>
    </ClCompile>
    <ClCompile Include="gfx\FontTTF.cpp">
      <Filter>Source Files\gfx</Filter>
    </ClCompile>
    <ClCompile Include="gfx\FXManager.cpp">
      <Filter>Source Files\gfx</Filter>
    </ClCompile>
    <ClCompile Include="gfx\Particle2D.cpp">
      <Filter>Source Files\gfx</Filter>
    </ClCompile>
    <ClCompile Include="gfx\Particle2DManager.cpp">
      <Filter>Source Files\gfx</Filter>
    </ClCompile>
    <ClCompile Include="gfx\Popup.cpp">
      <Filter>Source Files\gfx</Filter>
    </ClCompile>
    <ClCompile Include="gfx\SpriteObject.cpp">
      <Filter>Source Files\gfx</Filter>
    </ClCompile>
    <ClCompile Include="app\Congratulations.cpp">
      <Filter>Source Files\app</Filter>
    </ClCompile>
    <ClCompile Include="app\Ingame.cpp">
      <Filter>Source Files\app</Filter>
    </ClCompile>
    <ClCompile Include="math\Bezier.cpp">
      <Filter>Source Files\math</Filter>
    </ClCompile>
    <ClCompile Include="math\BSpline.cpp">
      <Filter>Source Files\math</Filter>
    </ClCompile>
    <ClCompile Include="math\Clamp.cpp">
      <Filter>Source Files\math</Filter>
    </ClCompile>
    <ClCompile Include="math\CRSpline.cpp">
      <Filter>Source Files\math</Filter>
    </ClCompile>
    <ClCompile Include="math\Hermite.cpp">
      <Filter>Source Files\math</Filter>
    </ClCompile>
    <ClCompile Include="math\HSV.cpp">
      <Filter>Source Files\math</Filter>
    </ClCompile>
    <ClCompile Include="math\SinTable.cpp">
      <Filter>Source Files\math</Filter>
    </ClCompile>
    <ClCompile Include="math\Tween.cpp">
      <Filter>Source Files\math</Filter>
    </ClCompile>
    <ClCompile Include="ui\Button.cpp">
      <Filter>Source Files\ui</Filter>
    </ClCompile>
    <ClCompile Include="ui\Checkbox.cpp">
      <Filter>Source Files\ui</Filter>
    </ClCompile>
    <ClCompile Include="ui\MobileKeyboard.cpp">
      <Filter>Source Files\ui</Filter>
    </ClCompile>
    <ClCompile Include="ui\Mouse.cpp">
      <Filter>Source Files\ui</Filter>
    </ClCompile>
    <ClCompile Include="ui\SpriteFont.cpp">
      <Filter>Source Files\ui</Filter>
    </ClCompile>
    <ClCompile Include="io\Datafile.cpp">
      <Filter>Source Files\io</Filter>
    </ClCompile>
    <ClCompile Include="io\GameSettings.cpp">
      <Filter>Source Files\io</Filter>
    </ClCompile>
    <ClCompile Include="io\HighScore.cpp">
      <Filter>Source Files\io</Filter>
    </ClCompile>
    <ClCompile Include="io\Profile.cpp">
      <Filter>Source Files\io</Filter>
    </ClCompile>
    <ClCompile Include="io\Unzip.cpp">
      <Filter>Source Files\io</Filter>
    </ClCompile>
    <ClCompile Include="io\Zip.cpp">
      <Filter>Source Files\io</Filter>
    </ClCompile>
  </ItemGroup>
  <ItemGroup>
    <ClInclude Include="clax\clax.h">
      <Filter>Source Files\clax</Filter>
    </ClInclude>
    <ClInclude Include="clax\claxi.h">
      <Filter>Source Files\clax</Filter>
    </ClInclude>
    <ClInclude Include="Game.h">
      <Filter>Source Files</Filter>
    </ClInclude>
    <ClInclude Include="rapidxml\rapidxml.hpp">
      <Filter>Source Files\rapidxml</Filter>
    </ClInclude>
    <ClInclude Include="rapidxml\rapidxml_iterators.hpp">
      <Filter>Source Files\rapidxml</Filter>
    </ClInclude>
    <ClInclude Include="rapidxml\rapidxml_print.hpp">
      <Filter>Source Files\rapidxml</Filter>
    </ClInclude>
    <ClInclude Include="rapidxml\rapidxml_utils.hpp">
      <Filter>Source Files\rapidxml</Filter>
    </ClInclude>
    <ClInclude Include="common\GameObject.h">
      <Filter>Source Files\common</Filter>
    </ClInclude>
    <ClInclude Include="gfx\Animation.h">
      <Filter>Source Files\gfx</Filter>
    </ClInclude>
    <ClInclude Include="gfx\FontTTF.h">
      <Filter>Source Files\gfx</Filter>
    </ClInclude>
    <ClInclude Include="gfx\FXManager.h">
      <Filter>Source Files\gfx</Filter>
    </ClInclude>
    <ClInclude Include="gfx\Particle2D.h">
      <Filter>Source Files\gfx</Filter>
    </ClInclude>
    <ClInclude Include="gfx\Particle2DManager.h">
      <Filter>Source Files\gfx</Filter>
    </ClInclude>
    <ClInclude Include="gfx\Popup.h">
      <Filter>Source Files\gfx</Filter>
    </ClInclude>
    <ClInclude Include="gfx\SpriteObject.h">
      <Filter>Source Files\gfx</Filter>
    </ClInclude>
    <ClInclude Include="app\Congratulations.h">
      <Filter>Source Files\app</Filter>
    </ClInclude>
    <ClInclude Include="app\Ingame.h">
      <Filter>Source Files\app</Filter>
    </ClInclude>
    <ClInclude Include="math\Bezier.h">
      <Filter>Source Files\math</Filter>
    </ClInclude>
    <ClInclude Include="math\BSpline.h">
      <Filter>Source Files\math</Filter>
    </ClInclude>
    <ClInclude Include="math\Clamp.h">
      <Filter>Source Files\math</Filter>
    </ClInclude>
    <ClInclude Include="math\CRSpline.h">
      <Filter>Source Files\math</Filter>
    </ClInclude>
    <ClInclude Include="math\Hermite.h">
      <Filter>Source Files\math</Filter>
    </ClInclude>
    <ClInclude Include="math\HSV.h">
      <Filter>Source Files\math</Filter>
    </ClInclude>
    <ClInclude Include="math\SinTable.h">
      <Filter>Source Files\math</Filter>
    </ClInclude>
    <ClInclude Include="math\Tween.h">
      <Filter>Source Files\math</Filter>
    </ClInclude>
    <ClInclude Include="math\Vec3.h">
      <Filter>Source Files\math</Filter>
    </ClInclude>
    <ClInclude Include="math\Vector.h">
      <Filter>Source Files\math</Filter>
    </ClInclude>
    <ClInclude Include="ui\Button.h">
      <Filter>Source Files\ui</Filter>
    </ClInclude>
    <ClInclude Include="ui\Checkbox.h">
      <Filter>Source Files\ui</Filter>
    </ClInclude>
    <ClInclude Include="ui\MobileKeyboard.h">
      <Filter>Source Files\ui</Filter>
    </ClInclude>
    <ClInclude Include="ui\Mouse.h">
      <Filter>Source Files\ui</Filter>
    </ClInclude>
    <ClInclude Include="ui\SpriteFont.h">
      <Filter>Source Files\ui</Filter>
    </ClInclude>
    <ClInclude Include="io\Datafile.h">
      <Filter>Source Files\io</Filter>
    </ClInclude>
    <ClInclude Include="io\GameSettings.h">
      <Filter>Source Files\io</Filter>
    </ClInclude>
    <ClInclude Include="io\HighScore.h">
      <Filter>Source Files\io</Filter>
    </ClInclude>
    <ClInclude Include="io\Profile.h">
      <Filter>Source Files\io</Filter>
    </ClInclude>
    <ClInclude Include="io\Unzip.h">
      <Filter>Source Files\io</Filter>
    </ClInclude>
    <ClInclude Include="io\Zip.h">
      <Filter>Source Files\io</Filter>
    </ClInclude>
  </ItemGroup>
  <ItemGroup>
    <ResourceCompile Include="resource.rc">
      <Filter>Resource Files</Filter>
    </ResourceCompile>
  </ItemGroup>
</Project>