<?xml version="1.0" encoding="utf-8"?>
<Project ToolsVersion="4.0" xmlns="http://schemas.microsoft.com/developer/msbuild/2003">
  <ItemGroup>
    <Filter Include="Source Files">
      <UniqueIdentifier>{4FC737F1-C7A5-4376-A066-2A32D752A2FF}</UniqueIdentifier>
      <Extensions>cpp;c;cc;cxx;def;odl;idl;hpj;bat;asm;asmx</Extensions>
    </Filter>
    <Filter Include="Header Files">
      <UniqueIdentifier>{93995380-89BD-4b04-88EB-625FBE52EBFB}</UniqueIdentifier>
      <Extensions>h;hpp;hxx;hm;inl;inc;xsd</Extensions>
    </Filter>
    <Filter Include="Resource Files">
      <UniqueIdentifier>{67DA6AB6-F800-4c08-8B7A-83BB121AAD01}</UniqueIdentifier>
      <Extensions>rc;ico;cur;bmp;dlg;rc2;rct;bin;rgs;gif;jpg;jpeg;jpe;resx;tiff;tif;png;wav;mfcribbon-ms</Extensions>
    </Filter>
  </ItemGroup>
  <ItemGroup>
    <None Include="ReadMe.txt" />
  </ItemGroup>
  <ItemGroup>
    <ClCompile Include="Game.cpp">
      <Filter>Source Files</Filter>
    </ClCompile>
    <ClCompile Include="Button.cpp">
      <Filter>Source Files</Filter>
    </ClCompile>
    <ClCompile Include="eIngame.cpp">
      <Filter>Source Files</Filter>
    </ClCompile>
    <ClCompile Include="eMainMenu.cpp">
      <Filter>Source Files</Filter>
    </ClCompile>
    <ClCompile Include="GameObject.cpp">
      <Filter>Source Files</Filter>
    </ClCompile>
    <ClCompile Include="Mouse.cpp">
      <Filter>Source Files</Filter>
    </ClCompile>
    <ClCompile Include="OGL.cpp">
      <Filter>Source Files</Filter>
    </ClCompile>
    <ClCompile Include="Particle2D.cpp">
      <Filter>Source Files</Filter>
    </ClCompile>
    <ClCompile Include="Particle2DManager.cpp">
      <Filter>Source Files</Filter>
    </ClCompile>
    <ClCompile Include="Popup.cpp">
      <Filter>Source Files</Filter>
    </ClCompile>
    <ClCompile Include="Screen.cpp">
      <Filter>Source Files</Filter>
    </ClCompile>
    <ClCompile Include="Sprite.cpp">
      <Filter>Source Files</Filter>
    </ClCompile>
    <ClCompile Include="eCongratulations.cpp">
      <Filter>Source Files</Filter>
    </ClCompile>
    <ClCompile Include="eLanguage.cpp">
      <Filter>Source Files</Filter>
    </ClCompile>
    <ClCompile Include="ePreload.cpp">
      <Filter>Source Files</Filter>
    </ClCompile>
    <ClCompile Include="eIntro.cpp">
      <Filter>Source Files</Filter>
    </ClCompile>
    <ClCompile Include="eLevelMenu.cpp">
      <Filter>Source Files</Filter>
    </ClCompile>
    <ClCompile Include="ePostGame.cpp">
      <Filter>Source Files</Filter>
    </ClCompile>
    <ClCompile Include="eHelp.cpp">
      <Filter>Source Files</Filter>
    </ClCompile>
    <ClCompile Include="eCredits.cpp">
      <Filter>Source Files</Filter>
    </ClCompile>
    <ClCompile Include="eTroophy.cpp">
      <Filter>Source Files</Filter>
    </ClCompile>
    <ClCompile Include="eSettings.cpp">
      <Filter>Source Files</Filter>
    </ClCompile>
    <ClCompile Include="ePostTroophy.cpp">
      <Filter>Source Files</Filter>
    </ClCompile>
    <ClCompile Include="HighScore.cpp">
      <Filter>Source Files</Filter>
    </ClCompile>
    <ClCompile Include="GameSettings.cpp">
      <Filter>Source Files</Filter>
    </ClCompile>
    <ClCompile Include="MobileKeyboard.cpp">
      <Filter>Source Files</Filter>
    </ClCompile>
    <ClCompile Include="Profile.cpp">
      <Filter>Source Files</Filter>
    </ClCompile>
    <ClCompile Include="SpriteFont.cpp">
      <Filter>Source Files</Filter>
    </ClCompile>
    <ClCompile Include="Checkbox.cpp">
      <Filter>Source Files</Filter>
    </ClCompile>
    <ClCompile Include="Animation.cpp">
      <Filter>Source Files</Filter>
    </ClCompile>
    <ClCompile Include="Unzip.cpp">
      <Filter>Source Files</Filter>
    </ClCompile>
    <ClCompile Include="Zip.cpp">
      <Filter>Source Files</Filter>
    </ClCompile>
  </ItemGroup>
  <ItemGroup>
    <ClInclude Include="Game.h">
      <Filter>Header Files</Filter>
    </ClInclude>
    <ClInclude Include="Button.h">
      <Filter>Header Files</Filter>
    </ClInclude>
    <ClInclude Include="eIngame.h">
      <Filter>Header Files</Filter>
    </ClInclude>
    <ClInclude Include="eMainMenu.h">
      <Filter>Header Files</Filter>
    </ClInclude>
    <ClInclude Include="GameObject.h">
      <Filter>Header Files</Filter>
    </ClInclude>
    <ClInclude Include="Mouse.h">
      <Filter>Header Files</Filter>
    </ClInclude>
    <ClInclude Include="OGL.h">
      <Filter>Header Files</Filter>
    </ClInclude>
    <ClInclude Include="Particle2D.h">
      <Filter>Header Files</Filter>
    </ClInclude>
    <ClInclude Include="Particle2DManager.h">
      <Filter>Header Files</Filter>
    </ClInclude>
    <ClInclude Include="Popup.h">
      <Filter>Header Files</Filter>
    </ClInclude>
    <ClInclude Include="Screen.h">
      <Filter>Header Files</Filter>
    </ClInclude>
    <ClInclude Include="Sprite.h">
      <Filter>Header Files</Filter>
    </ClInclude>
    <ClInclude Include="eCongratulations.h">
      <Filter>Header Files</Filter>
    </ClInclude>
    <ClInclude Include="eLanguage.h">
      <Filter>Header Files</Filter>
    </ClInclude>
    <ClInclude Include="ePreload.h">
      <Filter>Header Files</Filter>
    </ClInclude>
    <ClInclude Include="eIntro.h">
      <Filter>Header Files</Filter>
    </ClInclude>
    <ClInclude Include="eLevelMenu.h">
      <Filter>Header Files</Filter>
    </ClInclude>
    <ClInclude Include="ePostGame.h">
      <Filter>Header Files</Filter>
    </ClInclude>
    <ClInclude Include="eHelp.h">
      <Filter>Header Files</Filter>
    </ClInclude>
    <ClInclude Include="eCredits.h">
      <Filter>Header Files</Filter>
    </ClInclude>
    <ClInclude Include="eTroophy.h">
      <Filter>Header Files</Filter>
    </ClInclude>
    <ClInclude Include="eSettings.h">
      <Filter>Header Files</Filter>
    </ClInclude>
    <ClInclude Include="ePostTroophy.h">
      <Filter>Header Files</Filter>
    </ClInclude>
    <ClInclude Include="GameSettings.h">
      <Filter>Header Files</Filter>
    </ClInclude>
    <ClInclude Include="MobileKeyboard.h">
      <Filter>Header Files</Filter>
    </ClInclude>
    <ClInclude Include="Profile.h">
      <Filter>Header Files</Filter>
    </ClInclude>
    <ClInclude Include="SpriteFont.h">
      <Filter>Header Files</Filter>
    </ClInclude>
    <ClInclude Include="Checkbox.h">
      <Filter>Header Files</Filter>
    </ClInclude>
    <ClInclude Include="Animation.h">
      <Filter>Header Files</Filter>
    </ClInclude>
    <ClInclude Include="HighScore.h">
      <Filter>Header Files</Filter>
    </ClInclude>
    <ClInclude Include="Unzip.h">
      <Filter>Header Files</Filter>
    </ClInclude>
    <ClInclude Include="Zip.h">
      <Filter>Header Files</Filter>
    </ClInclude>
  </ItemGroup>
</Project>