<?xml version="1.0" encoding="utf-8"?>
<Project ToolsVersion="4.0" xmlns="http://schemas.microsoft.com/developer/msbuild/2003">
  <ItemGroup>
    <Filter Include="ui">
      <UniqueIdentifier>{9a3da256-6b06-42c7-89b5-22e9444b078d}</UniqueIdentifier>
    </Filter>
    <Filter Include="resource">
      <UniqueIdentifier>{67DA6AB6-F800-4c08-8B7A-83BB121AAD01}</UniqueIdentifier>
      <Extensions>rc;ico;cur;bmp;dlg;rc2;rct;bin;rgs;gif;jpg;jpeg;jpe;resx;tiff;tif;png;wav;mfcribbon-ms</Extensions>
    </Filter>
    <Filter Include="gfx">
      <UniqueIdentifier>{4679a286-4737-44f6-83d2-a0c210cde7a5}</UniqueIdentifier>
    </Filter>
    <Filter Include="app">
      <UniqueIdentifier>{5fae8af9-abf5-421c-82e4-b6bb2756afc3}</UniqueIdentifier>
    </Filter>
    <Filter Include="clax">
      <UniqueIdentifier>{6a51d597-0ef5-4e8f-89a0-5b103a8cba97}</UniqueIdentifier>
    </Filter>
    <Filter Include="common">
      <UniqueIdentifier>{6e546f93-152f-45ba-906c-abea9e4096ea}</UniqueIdentifier>
    </Filter>
    <Filter Include="io">
      <UniqueIdentifier>{f9e053ed-b238-4913-a895-30a6e1559f78}</UniqueIdentifier>
    </Filter>
    <Filter Include="math">
      <UniqueIdentifier>{0c397d64-2a21-4ea6-b17c-1d0bbf9a5c3a}</UniqueIdentifier>
    </Filter>
    <Filter Include="rapidXML">
      <UniqueIdentifier>{c8b78ee5-b2b6-47ff-9d01-571042ee7cd4}</UniqueIdentifier>
    </Filter>
    <Filter Include="sfx">
      <UniqueIdentifier>{3604ad1e-1597-48ef-8302-9c0b1a461d0a}</UniqueIdentifier>
    </Filter>
    <Filter Include="stb">
      <UniqueIdentifier>{62d19589-364b-4e6b-b85e-f8e84d6b1084}</UniqueIdentifier>
    </Filter>
  </ItemGroup>
  <ItemGroup>
    <ClCompile Include="Game.cpp" />
    <ClCompile Include="ui\Button.cpp">
      <Filter>ui</Filter>
    </ClCompile>
    <ClCompile Include="ui\Checkbox.cpp">
      <Filter>ui</Filter>
    </ClCompile>
    <ClCompile Include="ui\MobileKeyboard.cpp">
      <Filter>ui</Filter>
    </ClCompile>
    <ClCompile Include="ui\Mouse.cpp">
      <Filter>ui</Filter>
    </ClCompile>
    <ClCompile Include="ui\SpriteFont.cpp">
      <Filter>ui</Filter>
    </ClCompile>
    <ClCompile Include="gfx\Animation.cpp">
      <Filter>gfx</Filter>
    </ClCompile>
    <ClCompile Include="gfx\FXManager.cpp">
      <Filter>gfx</Filter>
    </ClCompile>
    <ClCompile Include="gfx\OGL.cpp">
      <Filter>gfx</Filter>
    </ClCompile>
    <ClCompile Include="gfx\Particle2D.cpp">
      <Filter>gfx</Filter>
    </ClCompile>
    <ClCompile Include="gfx\Particle2DManager.cpp">
      <Filter>gfx</Filter>
    </ClCompile>
    <ClCompile Include="gfx\Popup.cpp">
      <Filter>gfx</Filter>
    </ClCompile>
    <ClCompile Include="gfx\Screen.cpp">
      <Filter>gfx</Filter>
    </ClCompile>
    <ClCompile Include="gfx\Sprite.cpp">
      <Filter>gfx</Filter>
    </ClCompile>
    <ClCompile Include="gfx\SpriteObject.cpp">
      <Filter>gfx</Filter>
    </ClCompile>
    <ClCompile Include="app\Congratulations.cpp">
      <Filter>app</Filter>
    </ClCompile>
    <ClCompile Include="app\Credits.cpp">
      <Filter>app</Filter>
    </ClCompile>
    <ClCompile Include="app\Help.cpp">
      <Filter>app</Filter>
    </ClCompile>
    <ClCompile Include="app\Ingame.cpp">
      <Filter>app</Filter>
    </ClCompile>
    <ClCompile Include="app\Intro.cpp">
      <Filter>app</Filter>
    </ClCompile>
    <ClCompile Include="app\LevelMenu.cpp">
      <Filter>app</Filter>
    </ClCompile>
    <ClCompile Include="app\MainMenu.cpp">
      <Filter>app</Filter>
    </ClCompile>
    <ClCompile Include="app\PostGame.cpp">
      <Filter>app</Filter>
    </ClCompile>
    <ClCompile Include="app\PostTroophy.cpp">
      <Filter>app</Filter>
    </ClCompile>
    <ClCompile Include="app\Preload.cpp">
      <Filter>app</Filter>
    </ClCompile>
    <ClCompile Include="app\Settings.cpp">
      <Filter>app</Filter>
    </ClCompile>
    <ClCompile Include="app\Troophy.cpp">
      <Filter>app</Filter>
    </ClCompile>
    <ClCompile Include="clax\camera.cpp">
      <Filter>clax</Filter>
    </ClCompile>
    <ClCompile Include="clax\clax.cpp">
      <Filter>clax</Filter>
    </ClCompile>
    <ClCompile Include="clax\file_3ds.cpp">
      <Filter>clax</Filter>
    </ClCompile>
    <ClCompile Include="clax\file_clx.cpp">
      <Filter>clax</Filter>
    </ClCompile>
    <ClCompile Include="clax\matrix.cpp">
      <Filter>clax</Filter>
    </ClCompile>
    <ClCompile Include="clax\quatern.cpp">
      <Filter>clax</Filter>
    </ClCompile>
    <ClCompile Include="clax\spline.cpp">
      <Filter>clax</Filter>
    </ClCompile>
    <ClCompile Include="clax\vector.cpp">
      <Filter>clax</Filter>
    </ClCompile>
    <ClCompile Include="common\GameObject.cpp">
      <Filter>common</Filter>
    </ClCompile>
    <ClCompile Include="common\GameSettings.cpp">
      <Filter>common</Filter>
    </ClCompile>
    <ClCompile Include="io\Datafile.cpp">
      <Filter>io</Filter>
    </ClCompile>
    <ClCompile Include="io\HighScore.cpp">
      <Filter>io</Filter>
    </ClCompile>
    <ClCompile Include="io\Profile.cpp">
      <Filter>io</Filter>
    </ClCompile>
    <ClCompile Include="math\Bezier.cpp">
      <Filter>math</Filter>
    </ClCompile>
    <ClCompile Include="math\BSpline.cpp">
      <Filter>math</Filter>
    </ClCompile>
    <ClCompile Include="math\Clamp.cpp">
      <Filter>math</Filter>
    </ClCompile>
    <ClCompile Include="math\CRSpline.cpp">
      <Filter>math</Filter>
    </ClCompile>
    <ClCompile Include="math\Hermite.cpp">
      <Filter>math</Filter>
    </ClCompile>
    <ClCompile Include="math\HSV.cpp">
      <Filter>math</Filter>
    </ClCompile>
    <ClCompile Include="math\Interpolate.cpp">
      <Filter>math</Filter>
    </ClCompile>
    <ClCompile Include="math\SinTable.cpp">
      <Filter>math</Filter>
    </ClCompile>
    <ClCompile Include="math\Tween.cpp">
      <Filter>math</Filter>
    </ClCompile>
    <ClCompile Include="app\Language.cpp">
      <Filter>app</Filter>
    </ClCompile>
    <ClCompile Include="io\Unzip.cpp">
      <Filter>io</Filter>
    </ClCompile>
    <ClCompile Include="io\Zip.cpp">
      <Filter>io</Filter>
    </ClCompile>
    <ClCompile Include="gfx\FontTTF.cpp">
      <Filter>gfx</Filter>
    </ClCompile>
    <ClCompile Include="app\AnimationEditor.cpp">
      <Filter>app</Filter>
    </ClCompile>
    <ClCompile Include="app\ParticleEditor.cpp">
      <Filter>app</Filter>
    </ClCompile>
    <ClCompile Include="app\SceneEditor.cpp">
      <Filter>app</Filter>
    </ClCompile>
    <ClCompile Include="ui\ButtonTTF.cpp">
      <Filter>ui</Filter>
    </ClCompile>
    <ClCompile Include="app\SkeletalEditor.cpp">
      <Filter>app</Filter>
    </ClCompile>
    <ClCompile Include="app\SeqEditor.cpp">
      <Filter>app</Filter>
    </ClCompile>
    <ClCompile Include="gfx\AnimationEvent.cpp">
      <Filter>gfx</Filter>
    </ClCompile>
    <ClCompile Include="math\EquationSystem.cpp">
      <Filter>math</Filter>
    </ClCompile>
    <ClCompile Include="math\Box.cpp">
      <Filter>math</Filter>
    </ClCompile>
    <ClCompile Include="math\Vector2d.cpp">
      <Filter>math</Filter>
    </ClCompile>
    <ClCompile Include="math\Ytable.cpp">
      <Filter>math</Filter>
    </ClCompile>
    <ClCompile Include="gfx\AnimationTrack.cpp">
      <Filter>gfx</Filter>
    </ClCompile>
  </ItemGroup>
  <ItemGroup>
    <ClInclude Include="Game.h" />
    <ClInclude Include="ui\Button.h">
      <Filter>ui</Filter>
    </ClInclude>
    <ClInclude Include="ui\Checkbox.h">
      <Filter>ui</Filter>
    </ClInclude>
    <ClInclude Include="ui\MobileKeyboard.h">
      <Filter>ui</Filter>
    </ClInclude>
    <ClInclude Include="ui\Mouse.h">
      <Filter>ui</Filter>
    </ClInclude>
    <ClInclude Include="ui\SpriteFont.h">
      <Filter>ui</Filter>
    </ClInclude>
    <ClInclude Include="gfx\Animation.h">
      <Filter>gfx</Filter>
    </ClInclude>
    <ClInclude Include="gfx\FXManager.h">
      <Filter>gfx</Filter>
    </ClInclude>
    <ClInclude Include="gfx\OGL.h">
      <Filter>gfx</Filter>
    </ClInclude>
    <ClInclude Include="gfx\Particle2D.h">
      <Filter>gfx</Filter>
    </ClInclude>
    <ClInclude Include="gfx\Particle2DManager.h">
      <Filter>gfx</Filter>
    </ClInclude>
    <ClInclude Include="gfx\Popup.h">
      <Filter>gfx</Filter>
    </ClInclude>
    <ClInclude Include="gfx\Screen.h">
      <Filter>gfx</Filter>
    </ClInclude>
    <ClInclude Include="gfx\Sprite.h">
      <Filter>gfx</Filter>
    </ClInclude>
    <ClInclude Include="gfx\SpriteObject.h">
      <Filter>gfx</Filter>
    </ClInclude>
    <ClInclude Include="app\Congratulations.h">
      <Filter>app</Filter>
    </ClInclude>
    <ClInclude Include="app\Credits.h">
      <Filter>app</Filter>
    </ClInclude>
    <ClInclude Include="app\Help.h">
      <Filter>app</Filter>
    </ClInclude>
    <ClInclude Include="app\Ingame.h">
      <Filter>app</Filter>
    </ClInclude>
    <ClInclude Include="app\Intro.h">
      <Filter>app</Filter>
    </ClInclude>
    <ClInclude Include="app\LevelMenu.h">
      <Filter>app</Filter>
    </ClInclude>
    <ClInclude Include="app\MainMenu.h">
      <Filter>app</Filter>
    </ClInclude>
    <ClInclude Include="app\PostGame.h">
      <Filter>app</Filter>
    </ClInclude>
    <ClInclude Include="app\PostTroophy.h">
      <Filter>app</Filter>
    </ClInclude>
    <ClInclude Include="app\Preload.h">
      <Filter>app</Filter>
    </ClInclude>
    <ClInclude Include="app\Settings.h">
      <Filter>app</Filter>
    </ClInclude>
    <ClInclude Include="app\Troophy.h">
      <Filter>app</Filter>
    </ClInclude>
    <ClInclude Include="clax\clax.h">
      <Filter>clax</Filter>
    </ClInclude>
    <ClInclude Include="clax\claxi.h">
      <Filter>clax</Filter>
    </ClInclude>
    <ClInclude Include="common\GameObject.h">
      <Filter>common</Filter>
    </ClInclude>
    <ClInclude Include="common\GameSettings.h">
      <Filter>common</Filter>
    </ClInclude>
    <ClInclude Include="io\Datafile.h">
      <Filter>io</Filter>
    </ClInclude>
    <ClInclude Include="io\HighScore.h">
      <Filter>io</Filter>
    </ClInclude>
    <ClInclude Include="io\Profile.h">
      <Filter>io</Filter>
    </ClInclude>
    <ClInclude Include="math\Bezier.h">
      <Filter>math</Filter>
    </ClInclude>
    <ClInclude Include="math\BSpline.h">
      <Filter>math</Filter>
    </ClInclude>
    <ClInclude Include="math\Clamp.h">
      <Filter>math</Filter>
    </ClInclude>
    <ClInclude Include="math\CRSpline.h">
      <Filter>math</Filter>
    </ClInclude>
    <ClInclude Include="math\Hermite.h">
      <Filter>math</Filter>
    </ClInclude>
    <ClInclude Include="math\HSV.h">
      <Filter>math</Filter>
    </ClInclude>
    <ClInclude Include="math\Interpolate.h">
      <Filter>math</Filter>
    </ClInclude>
    <ClInclude Include="math\SinTable.h">
      <Filter>math</Filter>
    </ClInclude>
    <ClInclude Include="math\Vec3.h">
      <Filter>math</Filter>
    </ClInclude>
    <ClInclude Include="math\Vector.h">
      <Filter>math</Filter>
    </ClInclude>
    <ClInclude Include="rapidxml\rapidxml.hpp">
      <Filter>rapidXML</Filter>
    </ClInclude>
    <ClInclude Include="rapidxml\rapidxml_iterators.hpp">
      <Filter>rapidXML</Filter>
    </ClInclude>
    <ClInclude Include="rapidxml\rapidxml_print.hpp">
      <Filter>rapidXML</Filter>
    </ClInclude>
    <ClInclude Include="rapidxml\rapidxml_utils.hpp">
      <Filter>rapidXML</Filter>
    </ClInclude>
    <ClInclude Include="sfx\audioBank.h">
      <Filter>sfx</Filter>
    </ClInclude>
    <ClInclude Include="sfx\Sound.h">
      <Filter>sfx</Filter>
    </ClInclude>
    <ClInclude Include="stb\stb.h">
      <Filter>stb</Filter>
    </ClInclude>
    <ClInclude Include="stb\stb_image.h">
      <Filter>stb</Filter>
    </ClInclude>
    <ClInclude Include="stb\stb_image_resize.h">
      <Filter>stb</Filter>
    </ClInclude>
    <ClInclude Include="stb\stb_image_write.h">
      <Filter>stb</Filter>
    </ClInclude>
    <ClInclude Include="app\Language.h">
      <Filter>app</Filter>
    </ClInclude>
    <ClInclude Include="io\Unzip.h">
      <Filter>io</Filter>
    </ClInclude>
    <ClInclude Include="io\Zip.h">
      <Filter>io</Filter>
    </ClInclude>
    <ClInclude Include="gfx\FontTTF.h">
      <Filter>gfx</Filter>
    </ClInclude>
    <ClInclude Include="app\AnimationEditor.h">
      <Filter>app</Filter>
    </ClInclude>
    <ClInclude Include="app\ParticleEditor.h">
      <Filter>app</Filter>
    </ClInclude>
    <ClInclude Include="app\SceneEditor.h">
      <Filter>app</Filter>
    </ClInclude>
    <ClInclude Include="ui\ButtonTTF.h">
      <Filter>ui</Filter>
    </ClInclude>
    <ClInclude Include="app\SkeletalEditor.h">
      <Filter>app</Filter>
    </ClInclude>
    <ClInclude Include="app\SeqEditor.h">
      <Filter>app</Filter>
    </ClInclude>
    <ClInclude Include="gfx\AnimationEvent.h">
      <Filter>gfx</Filter>
    </ClInclude>
    <ClInclude Include="math\EquationSystem.h">
      <Filter>math</Filter>
    </ClInclude>
    <ClInclude Include="math\Tween.h">
      <Filter>math</Filter>
    </ClInclude>
    <ClInclude Include="math\Box.h">
      <Filter>math</Filter>
    </ClInclude>
    <ClInclude Include="math\Vector2d.h">
      <Filter>math</Filter>
    </ClInclude>
    <ClInclude Include="math\Ytable.h">
      <Filter>math</Filter>
    </ClInclude>
    <ClInclude Include="gfx\AnimationTrack.h">
      <Filter>gfx</Filter>
    </ClInclude>
  </ItemGroup>
</Project>