<?xml version="1.0" encoding="utf-8"?>
<Project ToolsVersion="4.0" xmlns="http://schemas.microsoft.com/developer/msbuild/2003">
  <ItemGroup>
    <Filter Include="Source Files">
      <UniqueIdentifier>{5e6aea42-15a9-49df-ab9f-675c8090aff3}</UniqueIdentifier>
      <Extensions>cpp;c;cxx;rc;def;r;odl;idl;hpj;bat</Extensions>
    </Filter>
    <Filter Include="Header Files">
      <UniqueIdentifier>{471fba52-3460-4218-8615-929a55ab2d68}</UniqueIdentifier>
      <Extensions>h;hpp;hxx;hm;inl</Extensions>
    </Filter>
    <Filter Include="Header Files\al">
      <UniqueIdentifier>{52547846-6695-4222-ae40-b7208c1cde46}</UniqueIdentifier>
    </Filter>
  </ItemGroup>
  <ItemGroup>
    <ClCompile Include="..\srcs\K7Z.cpp">
      <Filter>Source Files</Filter>
    </ClCompile>
    <ClCompile Include="..\srcs\KBatchDX9.cpp">
      <Filter>Source Files</Filter>
    </ClCompile>
    <ClCompile Include="..\srcs\KBatchGL.cpp">
      <Filter>Source Files</Filter>
    </ClCompile>
    <ClCompile Include="..\srcs\KDataExchange.cpp">
      <Filter>Source Files</Filter>
    </ClCompile>
    <ClCompile Include="..\srcs\KDataItem.cpp">
      <Filter>Source Files</Filter>
    </ClCompile>
    <ClCompile Include="..\srcs\KGraphicDX9.cpp">
      <Filter>Source Files</Filter>
    </ClCompile>
    <ClCompile Include="..\srcs\KGraphicGL.cpp">
      <Filter>Source Files</Filter>
    </ClCompile>
    <ClCompile Include="..\srcs\KIniReader.cpp">
      <Filter>Source Files</Filter>
    </ClCompile>
    <ClCompile Include="..\srcs\KInput_Win.cpp">
      <Filter>Source Files</Filter>
    </ClCompile>
    <ClCompile Include="..\srcs\KKeyTablePC.cpp">
      <Filter>Source Files</Filter>
    </ClCompile>
    <ClCompile Include="..\srcs\KLog.cpp">
      <Filter>Source Files</Filter>
    </ClCompile>
    <ClCompile Include="..\srcs\KMiscTools.cpp">
      <Filter>Source Files</Filter>
    </ClCompile>
    <ClCompile Include="..\srcs\KNetwork.cpp">
      <Filter>Source Files</Filter>
    </ClCompile>
    <ClCompile Include="..\srcs\KObjectBase.cpp">
      <Filter>Source Files</Filter>
    </ClCompile>
    <ClCompile Include="..\srcs\KObjectListable.cpp">
      <Filter>Source Files</Filter>
    </ClCompile>
    <ClCompile Include="..\srcs\KPTK.cpp">
      <Filter>Source Files</Filter>
    </ClCompile>
    <ClCompile Include="..\srcs\KPTK9.cpp">
      <Filter>Source Files</Filter>
    </ClCompile>
    <ClCompile Include="..\srcs\KResource.cpp">
      <Filter>Source Files</Filter>
    </ClCompile>
    <ClCompile Include="..\srcs\KResourceArchive.cpp">
      <Filter>Source Files</Filter>
    </ClCompile>
    <ClCompile Include="..\srcs\KSpline.cpp">
      <Filter>Source Files</Filter>
    </ClCompile>
    <ClCompile Include="..\srcs\KSystem.cpp">
      <Filter>Source Files</Filter>
    </ClCompile>
    <ClCompile Include="..\srcs\KText.cpp">
      <Filter>Source Files</Filter>
    </ClCompile>
    <ClCompile Include="..\srcs\KTrueText.cpp">
      <Filter>Source Files</Filter>
    </ClCompile>
    <ClCompile Include="..\srcs\KWeb.cpp">
      <Filter>Source Files</Filter>
    </ClCompile>
    <ClCompile Include="..\srcs\KWebCam.cpp">
      <Filter>Source Files</Filter>
    </ClCompile>
    <ClCompile Include="..\srcs\KWindowDX9.cpp">
      <Filter>Source Files</Filter>
    </ClCompile>
    <ClCompile Include="..\srcs\KWindowGL.cpp">
      <Filter>Source Files</Filter>
    </ClCompile>
    <ClCompile Include="..\srcs\LzmaDecode.cpp">
      <Filter>Source Files</Filter>
    </ClCompile>
    <ClCompile Include="..\srcs\matrixdx9.cpp">
      <Filter>Source Files</Filter>
    </ClCompile>
    <ClCompile Include="..\srcs\KMusic.cpp">
      <Filter>Source Files</Filter>
    </ClCompile>
  </ItemGroup>
  <ItemGroup>
    <ClInclude Include="..\include\codec.h">
      <Filter>Header Files</Filter>
    </ClInclude>
    <ClInclude Include="..\include\config_types.h">
      <Filter>Header Files</Filter>
    </ClInclude>
    <ClInclude Include="..\include\gl.h">
      <Filter>Header Files</Filter>
    </ClInclude>
    <ClInclude Include="..\include\glati.h">
      <Filter>Header Files</Filter>
    </ClInclude>
    <ClInclude Include="..\include\glu.h">
      <Filter>Header Files</Filter>
    </ClInclude>
    <ClInclude Include="..\include\K3D.h">
      <Filter>Header Files</Filter>
    </ClInclude>
    <ClInclude Include="..\include\K7Z.h">
      <Filter>Header Files</Filter>
    </ClInclude>
    <ClInclude Include="..\include\KBatch.h">
      <Filter>Header Files</Filter>
    </ClInclude>
    <ClInclude Include="..\include\KBatchDX9.h">
      <Filter>Header Files</Filter>
    </ClInclude>
    <ClInclude Include="..\include\KBatchGL.h">
      <Filter>Header Files</Filter>
    </ClInclude>
    <ClInclude Include="..\include\KDataExchange.h">
      <Filter>Header Files</Filter>
    </ClInclude>
    <ClInclude Include="..\include\KDataItem.h">
      <Filter>Header Files</Filter>
    </ClInclude>
    <ClInclude Include="..\include\KDebug.h">
      <Filter>Header Files</Filter>
    </ClInclude>
    <ClInclude Include="..\include\KDebugPlatform.h">
      <Filter>Header Files</Filter>
    </ClInclude>
    <ClInclude Include="..\include\KGlobals.h">
      <Filter>Header Files</Filter>
    </ClInclude>
    <ClInclude Include="..\include\KGraphic.h">
      <Filter>Header Files</Filter>
    </ClInclude>
    <ClInclude Include="..\include\KGraphicDX9.h">
      <Filter>Header Files</Filter>
    </ClInclude>
    <ClInclude Include="..\include\KGraphicGL.h">
      <Filter>Header Files</Filter>
    </ClInclude>
    <ClInclude Include="..\include\KIniReader.h">
      <Filter>Header Files</Filter>
    </ClInclude>
    <ClInclude Include="..\include\KInput.h">
      <Filter>Header Files</Filter>
    </ClInclude>
    <ClInclude Include="..\include\KKeyTable.h">
      <Filter>Header Files</Filter>
    </ClInclude>
    <ClInclude Include="..\include\KList.h">
      <Filter>Header Files</Filter>
    </ClInclude>
    <ClInclude Include="..\include\KLog.h">
      <Filter>Header Files</Filter>
    </ClInclude>
    <ClInclude Include="..\include\KMessage.h">
      <Filter>Header Files</Filter>
    </ClInclude>
    <ClInclude Include="..\include\KMiscTools.h">
      <Filter>Header Files</Filter>
    </ClInclude>
    <ClInclude Include="..\include\KNetwork.h">
      <Filter>Header Files</Filter>
    </ClInclude>
    <ClInclude Include="..\include\KObjectBase.h">
      <Filter>Header Files</Filter>
    </ClInclude>
    <ClInclude Include="..\include\KObjectListable.h">
      <Filter>Header Files</Filter>
    </ClInclude>
    <ClInclude Include="..\include\KPTK.h">
      <Filter>Header Files</Filter>
    </ClInclude>
    <ClInclude Include="..\include\KResource.h">
      <Filter>Header Files</Filter>
    </ClInclude>
    <ClInclude Include="..\include\KResourceArchive.h">
      <Filter>Header Files</Filter>
    </ClInclude>
    <ClInclude Include="..\include\KSound.h">
      <Filter>Header Files</Filter>
    </ClInclude>
    <ClInclude Include="..\include\KSound2.h">
      <Filter>Header Files</Filter>
    </ClInclude>
    <ClInclude Include="..\include\KSpline.h">
      <Filter>Header Files</Filter>
    </ClInclude>
    <ClInclude Include="..\include\KSystem.h">
      <Filter>Header Files</Filter>
    </ClInclude>
    <ClInclude Include="..\include\KText.h">
      <Filter>Header Files</Filter>
    </ClInclude>
    <ClInclude Include="..\include\KTrueText.h">
      <Filter>Header Files</Filter>
    </ClInclude>
    <ClInclude Include="..\include\KTypes.h">
      <Filter>Header Files</Filter>
    </ClInclude>
    <ClInclude Include="..\include\KWeb.h">
      <Filter>Header Files</Filter>
    </ClInclude>
    <ClInclude Include="..\include\KWebCam.h">
      <Filter>Header Files</Filter>
    </ClInclude>
    <ClInclude Include="..\include\KWindow.h">
      <Filter>Header Files</Filter>
    </ClInclude>
    <ClInclude Include="..\include\KWindowDX9.h">
      <Filter>Header Files</Filter>
    </ClInclude>
    <ClInclude Include="..\include\KWindowGL.h">
      <Filter>Header Files</Filter>
    </ClInclude>
    <ClInclude Include="..\include\LzmaDecode.h">
      <Filter>Header Files</Filter>
    </ClInclude>
    <ClInclude Include="..\include\matrixdx9.h">
      <Filter>Header Files</Filter>
    </ClInclude>
    <ClInclude Include="..\include\ogg.h">
      <Filter>Header Files</Filter>
    </ClInclude>
    <ClInclude Include="..\include\OpenPlay.h">
      <Filter>Header Files</Filter>
    </ClInclude>
    <ClInclude Include="..\include\os_types.h">
      <Filter>Header Files</Filter>
    </ClInclude>
    <ClInclude Include="..\include\ptk.h">
      <Filter>Header Files</Filter>
    </ClInclude>
    <ClInclude Include="..\include\t3d.h">
      <Filter>Header Files</Filter>
    </ClInclude>
    <ClInclude Include="..\include\trial.h">
      <Filter>Header Files</Filter>
    </ClInclude>
    <ClInclude Include="..\include\vorbisenc.h">
      <Filter>Header Files</Filter>
    </ClInclude>
    <ClInclude Include="..\include\vorbisfile.h">
      <Filter>Header Files</Filter>
    </ClInclude>
    <ClInclude Include="..\include\al\al.h">
      <Filter>Header Files\al</Filter>
    </ClInclude>
    <ClInclude Include="..\include\al\alc.h">
      <Filter>Header Files\al</Filter>
    </ClInclude>
    <ClInclude Include="..\include\al\alctypes.h">
      <Filter>Header Files\al</Filter>
    </ClInclude>
    <ClInclude Include="..\include\al\altypes.h">
      <Filter>Header Files\al</Filter>
    </ClInclude>
    <ClInclude Include="..\include\al\alu.h">
      <Filter>Header Files\al</Filter>
    </ClInclude>
    <ClInclude Include="..\include\al\alut.h">
      <Filter>Header Files\al</Filter>
    </ClInclude>
    <ClInclude Include="..\include\KMusic.h">
      <Filter>Header Files</Filter>
    </ClInclude>
  </ItemGroup>
</Project>