// !$*UTF8*$!
{
	archiveVersion = 1;
	classes = {
	};
	objectVersion = 46;
	objects = {

/* Begin PBXBuildFile section */
		062321B0123D1EBF00DD37CA /* GLTextureHelper.mm in Sources */ = {isa = PBXBuildFile; fileRef = 062321A3123D1EBF00DD37CA /* GLTextureHelper.mm */; };
		062321B1123D1EBF00DD37CA /* KBatchGL.cpp in Sources */ = {isa = PBXBuildFile; fileRef = 062321A4123D1EBF00DD37CA /* KBatchGL.cpp */; };
		062321B2123D1EBF00DD37CA /* KGraphicGL.cpp in Sources */ = {isa = PBXBuildFile; fileRef = 062321A5123D1EBF00DD37CA /* KGraphicGL.cpp */; };
		062321B3123D1EBF00DD37CA /* KGraphicGLLandscape.cpp in Sources */ = {isa = PBXBuildFile; fileRef = 062321A6123D1EBF00DD37CA /* KGraphicGLLandscape.cpp */; };
		062321B4123D1EBF00DD37CA /* KInput.cpp in Sources */ = {isa = PBXBuildFile; fileRef = 062321A7123D1EBF00DD37CA /* KInput.cpp */; };
		062321B5123D1EBF00DD37CA /* KLogFile.cpp in Sources */ = {isa = PBXBuildFile; fileRef = 062321A8123D1EBF00DD37CA /* KLogFile.cpp */; };
		062321B6123D1EBF00DD37CA /* KMiscTools.mm in Sources */ = {isa = PBXBuildFile; fileRef = 062321A9123D1EBF00DD37CA /* KMiscTools.mm */; };
		062321B7123D1EBF00DD37CA /* KMusic.mm in Sources */ = {isa = PBXBuildFile; fileRef = 062321AA123D1EBF00DD37CA /* KMusic.mm */; };
		062321B8123D1EBF00DD37CA /* KPTK.cpp in Sources */ = {isa = PBXBuildFile; fileRef = 062321AB123D1EBF00DD37CA /* KPTK.cpp */; };
		062321B9123D1EBF00DD37CA /* KSound.mm in Sources */ = {isa = PBXBuildFile; fileRef = 062321AC123D1EBF00DD37CA /* KSound.mm */; };
		062321BA123D1EBF00DD37CA /* KSpline.cpp in Sources */ = {isa = PBXBuildFile; fileRef = 062321AD123D1EBF00DD37CA /* KSpline.cpp */; };
		062321BB123D1EBF00DD37CA /* KWeb.mm in Sources */ = {isa = PBXBuildFile; fileRef = 062321AE123D1EBF00DD37CA /* KWeb.mm */; };
		066D8849123A669400E4D002 /* EAGLView.mm in Sources */ = {isa = PBXBuildFile; fileRef = 066D8848123A669400E4D002 /* EAGLView.mm */; };
		069A673B126FAA870019AEA8 /* KWindow.mm in Sources */ = {isa = PBXBuildFile; fileRef = 069A673A126FAA870019AEA8 /* KWindow.mm */; };
		06E8F3801237ED3300FB24A8 /* ES1Renderer.mm in Sources */ = {isa = PBXBuildFile; fileRef = 06E8F37F1237ED3300FB24A8 /* ES1Renderer.mm */; };
		06E8F3BE1237F17800FB24A8 /* CoreGraphics.framework in Frameworks */ = {isa = PBXBuildFile; fileRef = 06E8F3BD1237F17800FB24A8 /* CoreGraphics.framework */; };
		06E8F3C41237F1AD00FB24A8 /* readme.txt in Resources */ = {isa = PBXBuildFile; fileRef = 06E8F3C31237F1AD00FB24A8 /* readme.txt */; };
		06E8F7E612395C9C00FB24A8 /* AudioToolbox.framework in Frameworks */ = {isa = PBXBuildFile; fileRef = 06E8F7E512395C9C00FB24A8 /* AudioToolbox.framework */; };
		06E8F7E812395C9C00FB24A8 /* AVFoundation.framework in Frameworks */ = {isa = PBXBuildFile; fileRef = 06E8F7E712395C9C00FB24A8 /* AVFoundation.framework */; };
		06E8F7EA12395C9C00FB24A8 /* OpenAL.framework in Frameworks */ = {isa = PBXBuildFile; fileRef = 06E8F7E912395C9C00FB24A8 /* OpenAL.framework */; };
		1D3623260D0F684500981E51 /* iptksampleAppDelegate.m in Sources */ = {isa = PBXBuildFile; fileRef = 1D3623250D0F684500981E51 /* iptksampleAppDelegate.m */; };
		1D60589B0D05DD56006BFB54 /* main.m in Sources */ = {isa = PBXBuildFile; fileRef = 29B97316FDCFA39411CA2CEA /* main.m */; };
		1D60589F0D05DD5A006BFB54 /* Foundation.framework in Frameworks */ = {isa = PBXBuildFile; fileRef = 1D30AB110D05D00D00671497 /* Foundation.framework */; };
		1DF5F4E00D08C38300B7A737 /* UIKit.framework in Frameworks */ = {isa = PBXBuildFile; fileRef = 1DF5F4DF0D08C38300B7A737 /* UIKit.framework */; };
		28AD733F0D9D9553002E5188 /* MainWindow.xib in Resources */ = {isa = PBXBuildFile; fileRef = 28AD733E0D9D9553002E5188 /* MainWindow.xib */; };
		28FD15000DC6FC520079059D /* OpenGLES.framework in Frameworks */ = {isa = PBXBuildFile; fileRef = 28FD14FF0DC6FC520079059D /* OpenGLES.framework */; };
		28FD15080DC6FC5B0079059D /* QuartzCore.framework in Frameworks */ = {isa = PBXBuildFile; fileRef = 28FD15070DC6FC5B0079059D /* QuartzCore.framework */; };
		EF02760A1518CB3000C3FC89 /* Anim.cpp in Sources */ = {isa = PBXBuildFile; fileRef = EF0276051518CB3000C3FC89 /* Anim.cpp */; };
		EF02760B1518CB3000C3FC89 /* Box.cpp in Sources */ = {isa = PBXBuildFile; fileRef = EF0276071518CB3000C3FC89 /* Box.cpp */; };
		EF02762E1518CB5700C3FC89 /* eAds.cpp in Sources */ = {isa = PBXBuildFile; fileRef = EF02760C1518CB5700C3FC89 /* eAds.cpp */; };
		EF02762F1518CB5700C3FC89 /* eIngame.cpp in Sources */ = {isa = PBXBuildFile; fileRef = EF02760E1518CB5700C3FC89 /* eIngame.cpp */; };
		EF0276301518CB5700C3FC89 /* eIntro.cpp in Sources */ = {isa = PBXBuildFile; fileRef = EF0276101518CB5700C3FC89 /* eIntro.cpp */; };
		EF0276311518CB5700C3FC89 /* eLevelMenu.cpp in Sources */ = {isa = PBXBuildFile; fileRef = EF0276121518CB5700C3FC89 /* eLevelMenu.cpp */; };
		EF0276321518CB5700C3FC89 /* eMainMenu.cpp in Sources */ = {isa = PBXBuildFile; fileRef = EF0276141518CB5700C3FC89 /* eMainMenu.cpp */; };
		EF0276331518CB5700C3FC89 /* ePreload.cpp in Sources */ = {isa = PBXBuildFile; fileRef = EF0276161518CB5700C3FC89 /* ePreload.cpp */; };
		EF0276351518CB5700C3FC89 /* EventGFX.cpp in Sources */ = {isa = PBXBuildFile; fileRef = EF02761A1518CB5700C3FC89 /* EventGFX.cpp */; };
		EF0276361518CB5700C3FC89 /* FlatButton.cpp in Sources */ = {isa = PBXBuildFile; fileRef = EF02761C1518CB5700C3FC89 /* FlatButton.cpp */; };
		EF0276371518CB5700C3FC89 /* iGame.cpp in Sources */ = {isa = PBXBuildFile; fileRef = EF02761E1518CB5700C3FC89 /* iGame.cpp */; };
		EF0276381518CB5700C3FC89 /* Jelly.cpp in Sources */ = {isa = PBXBuildFile; fileRef = EF0276201518CB5700C3FC89 /* Jelly.cpp */; };
		EF0276391518CB5700C3FC89 /* Particle2D.cpp in Sources */ = {isa = PBXBuildFile; fileRef = EF0276221518CB5700C3FC89 /* Particle2D.cpp */; };
		EF02763A1518CB5700C3FC89 /* Particle2DManager.cpp in Sources */ = {isa = PBXBuildFile; fileRef = EF0276241518CB5700C3FC89 /* Particle2DManager.cpp */; };
		EF02763B1518CB5700C3FC89 /* Platform.cpp in Sources */ = {isa = PBXBuildFile; fileRef = EF0276261518CB5700C3FC89 /* Platform.cpp */; };
		EF02763C1518CB5700C3FC89 /* Sprite.cpp in Sources */ = {isa = PBXBuildFile; fileRef = EF0276281518CB5700C3FC89 /* Sprite.cpp */; };
		EF02763D1518CB5700C3FC89 /* Touch.cpp in Sources */ = {isa = PBXBuildFile; fileRef = EF02762A1518CB5700C3FC89 /* Touch.cpp */; };
		EF02763E1518CB5700C3FC89 /* TouchButton.cpp in Sources */ = {isa = PBXBuildFile; fileRef = EF02762C1518CB5700C3FC89 /* TouchButton.cpp */; };
		EF16DFD815060B2400AADB8C /* app_icon_72.png in Resources */ = {isa = PBXBuildFile; fileRef = EF16DFD715060B2400AADB8C /* app_icon_72.png */; };
		EF19A4FA15206FBB0066E45B /* button in Resources */ = {isa = PBXBuildFile; fileRef = EF19A4F915206FBB0066E45B /* button */; };
		EF57B19C15121B7D00C0F01C /* fx_fade_25_percent.png in Resources */ = {isa = PBXBuildFile; fileRef = EF57B19415121B7D00C0F01C /* fx_fade_25_percent.png */; };
		EF57B19D15121B7D00C0F01C /* fx_fade_50_percent.png in Resources */ = {isa = PBXBuildFile; fileRef = EF57B19515121B7D00C0F01C /* fx_fade_50_percent.png */; };
		EF57B19E15121B7D00C0F01C /* fx_fade_75_percent.png in Resources */ = {isa = PBXBuildFile; fileRef = EF57B19615121B7D00C0F01C /* fx_fade_75_percent.png */; };
		EF57B19F15121B7D00C0F01C /* fx_fade_100_percent.png in Resources */ = {isa = PBXBuildFile; fileRef = EF57B19715121B7D00C0F01C /* fx_fade_100_percent.png */; };
		EF57B1A015121B7D00C0F01C /* fx_white_fade_25_percent.png in Resources */ = {isa = PBXBuildFile; fileRef = EF57B19815121B7D00C0F01C /* fx_white_fade_25_percent.png */; };
		EF57B1A115121B7D00C0F01C /* fx_white_fade_50_percent.png in Resources */ = {isa = PBXBuildFile; fileRef = EF57B19915121B7D00C0F01C /* fx_white_fade_50_percent.png */; };
		EF57B1A215121B7D00C0F01C /* fx_white_fade_75_percent.png in Resources */ = {isa = PBXBuildFile; fileRef = EF57B19A15121B7D00C0F01C /* fx_white_fade_75_percent.png */; };
		EF57B1A315121B7D00C0F01C /* fx_white_fade_100_percent.png in Resources */ = {isa = PBXBuildFile; fileRef = EF57B19B15121B7D00C0F01C /* fx_white_fade_100_percent.png */; };
		EF57B1A515121B8A00C0F01C /* levelmenu_layer0.png in Resources */ = {isa = PBXBuildFile; fileRef = EF57B1A415121B8A00C0F01C /* levelmenu_layer0.png */; };
		EF57B1A91512270D00C0F01C /* levelmenu_layer5.png in Resources */ = {isa = PBXBuildFile; fileRef = EF57B1A81512270D00C0F01C /* levelmenu_layer5.png */; };
		EF64C1131507B7D400A73444 /* mmenu_cloud1.png in Resources */ = {isa = PBXBuildFile; fileRef = EF64C10F1507B7D400A73444 /* mmenu_cloud1.png */; };
		EF64C1141507B7D400A73444 /* mmenu_cloud2.png in Resources */ = {isa = PBXBuildFile; fileRef = EF64C1101507B7D400A73444 /* mmenu_cloud2.png */; };
		EF64C1151507B7D400A73444 /* mmenu_cloud3.png in Resources */ = {isa = PBXBuildFile; fileRef = EF64C1111507B7D400A73444 /* mmenu_cloud3.png */; };
		EF64C1161507B7D400A73444 /* mmenu_cloud4.png in Resources */ = {isa = PBXBuildFile; fileRef = EF64C1121507B7D400A73444 /* mmenu_cloud4.png */; };
		EF6E440B1519D9A900C77F9C /* level in Resources */ = {isa = PBXBuildFile; fileRef = EF6E440A1519D9A900C77F9C /* level */; };
		EF6E440D1519E3A900C77F9C /* Default-Landscape~ipad.png in Resources */ = {isa = PBXBuildFile; fileRef = EF6E440C1519E3A900C77F9C /* Default-Landscape~ipad.png */; };
		EF8DA4B1152336E20017EE7A /* Sound.cpp in Sources */ = {isa = PBXBuildFile; fileRef = EF8DA4AF152336E20017EE7A /* Sound.cpp */; };
		EF8DA4B415233C010017EE7A /* sfx in Resources */ = {isa = PBXBuildFile; fileRef = EF8DA4B315233C010017EE7A /* sfx */; };
		EF985186150651B1000418C3 /* e_preload.png in Resources */ = {isa = PBXBuildFile; fileRef = EF985185150651B1000418C3 /* e_preload.png */; };
		EF98518B150654D3000418C3 /* e_ads.png in Resources */ = {isa = PBXBuildFile; fileRef = EF98518A150654D3000418C3 /* e_ads.png */; };
		EF98518D15065874000418C3 /* e_ads.mp3 in Resources */ = {isa = PBXBuildFile; fileRef = EF98518C15065874000418C3 /* e_ads.mp3 */; };
		EF98518F150658A6000418C3 /* city_logo.png in Resources */ = {isa = PBXBuildFile; fileRef = EF98518E150658A6000418C3 /* city_logo.png */; };
		EF9B6493150662980029F88D /* e_intro.png in Resources */ = {isa = PBXBuildFile; fileRef = EF9B6492150662980029F88D /* e_intro.png */; };
		EFB2E32D152077D900F55D62 /* particle in Resources */ = {isa = PBXBuildFile; fileRef = EFB2E32C152077D900F55D62 /* particle */; };
		EFB2E32F15207BE600F55D62 /* jelly in Resources */ = {isa = PBXBuildFile; fileRef = EFB2E32E15207BE600F55D62 /* jelly */; };
		EFB2E33115207E1800F55D62 /* font in Resources */ = {isa = PBXBuildFile; fileRef = EFB2E33015207E1800F55D62 /* font */; };
		EFB2E3331520947900F55D62 /* anim in Resources */ = {isa = PBXBuildFile; fileRef = EFB2E3321520947900F55D62 /* anim */; };
		EFD11F2D150786FE007A9447 /* mmenu_layer0.png in Resources */ = {isa = PBXBuildFile; fileRef = EFD11F2C150786FE007A9447 /* mmenu_layer0.png */; };
		EFD11F2F150787B8007A9447 /* mmenu_layer5.png in Resources */ = {isa = PBXBuildFile; fileRef = EFD11F2E150787B8007A9447 /* mmenu_layer5.png */; };
		EFD11F3115078B24007A9447 /* mmenu.mp3 in Resources */ = {isa = PBXBuildFile; fileRef = EFD11F3015078B24007A9447 /* mmenu.mp3 */; };
		EFE3B221150F47CA008D7364 /* dot_yellow.png in Resources */ = {isa = PBXBuildFile; fileRef = EFE3B220150F47CA008D7364 /* dot_yellow.png */; };
		EFE3B305150F8EEC008D7364 /* garnek.png in Resources */ = {isa = PBXBuildFile; fileRef = EFE3B304150F8EEC008D7364 /* garnek.png */; };
		EFE4F4B9150E236800D99B0C /* ingame.mp3 in Resources */ = {isa = PBXBuildFile; fileRef = EFE4F4B8150E236800D99B0C /* ingame.mp3 */; };
		EFF07DB5150603F100A263C0 /* MainWindow-iPad.xib in Resources */ = {isa = PBXBuildFile; fileRef = EFF07DB4150603F100A263C0 /* MainWindow-iPad.xib */; };
/* End PBXBuildFile section */

/* Begin PBXFileReference section */
		06232193123D1EBF00DD37CA /* GLTextureHelper.h */ = {isa = PBXFileReference; fileEncoding = 4; lastKnownFileType = sourcecode.c.h; path = GLTextureHelper.h; sourceTree = "<group>"; };
		06232195123D1EBF00DD37CA /* KBatch.h */ = {isa = PBXFileReference; fileEncoding = 4; lastKnownFileType = sourcecode.c.h; path = KBatch.h; sourceTree = "<group>"; };
		06232196123D1EBF00DD37CA /* KGraphic.h */ = {isa = PBXFileReference; fileEncoding = 4; lastKnownFileType = sourcecode.c.h; path = KGraphic.h; sourceTree = "<group>"; };
		06232197123D1EBF00DD37CA /* KGraphicGL.h */ = {isa = PBXFileReference; fileEncoding = 4; lastKnownFileType = sourcecode.c.h; path = KGraphicGL.h; sourceTree = "<group>"; };
		06232198123D1EBF00DD37CA /* KGraphicGLLandscape.h */ = {isa = PBXFileReference; fileEncoding = 4; lastKnownFileType = sourcecode.c.h; path = KGraphicGLLandscape.h; sourceTree = "<group>"; };
		06232199123D1EBF00DD37CA /* KInput.h */ = {isa = PBXFileReference; fileEncoding = 4; lastKnownFileType = sourcecode.c.h; path = KInput.h; sourceTree = "<group>"; };
		0623219A123D1EBF00DD37CA /* KLogFile.h */ = {isa = PBXFileReference; fileEncoding = 4; lastKnownFileType = sourcecode.c.h; path = KLogFile.h; sourceTree = "<group>"; };
		0623219B123D1EBF00DD37CA /* KMiscTools.h */ = {isa = PBXFileReference; fileEncoding = 4; lastKnownFileType = sourcecode.c.h; path = KMiscTools.h; sourceTree = "<group>"; };
		0623219C123D1EBF00DD37CA /* KMusic.h */ = {isa = PBXFileReference; fileEncoding = 4; lastKnownFileType = sourcecode.c.h; path = KMusic.h; sourceTree = "<group>"; };
		0623219D123D1EBF00DD37CA /* KPTK.h */ = {isa = PBXFileReference; fileEncoding = 4; lastKnownFileType = sourcecode.c.h; path = KPTK.h; sourceTree = "<group>"; };
		0623219E123D1EBF00DD37CA /* KSound.h */ = {isa = PBXFileReference; fileEncoding = 4; lastKnownFileType = sourcecode.c.h; path = KSound.h; sourceTree = "<group>"; };
		0623219F123D1EBF00DD37CA /* KSpline.h */ = {isa = PBXFileReference; fileEncoding = 4; lastKnownFileType = sourcecode.c.h; path = KSpline.h; sourceTree = "<group>"; };
		062321A0123D1EBF00DD37CA /* KWeb.h */ = {isa = PBXFileReference; fileEncoding = 4; lastKnownFileType = sourcecode.c.h; path = KWeb.h; sourceTree = "<group>"; };
		062321A1123D1EBF00DD37CA /* KWindow.h */ = {isa = PBXFileReference; fileEncoding = 4; lastKnownFileType = sourcecode.c.h; path = KWindow.h; sourceTree = "<group>"; };
		062321A3123D1EBF00DD37CA /* GLTextureHelper.mm */ = {isa = PBXFileReference; fileEncoding = 4; lastKnownFileType = sourcecode.cpp.objcpp; path = GLTextureHelper.mm; sourceTree = "<group>"; };
		062321A4123D1EBF00DD37CA /* KBatchGL.cpp */ = {isa = PBXFileReference; fileEncoding = 4; lastKnownFileType = sourcecode.cpp.cpp; path = KBatchGL.cpp; sourceTree = "<group>"; };
		062321A5123D1EBF00DD37CA /* KGraphicGL.cpp */ = {isa = PBXFileReference; fileEncoding = 4; lastKnownFileType = sourcecode.cpp.cpp; path = KGraphicGL.cpp; sourceTree = "<group>"; };
		062321A6123D1EBF00DD37CA /* KGraphicGLLandscape.cpp */ = {isa = PBXFileReference; fileEncoding = 4; lastKnownFileType = sourcecode.cpp.cpp; path = KGraphicGLLandscape.cpp; sourceTree = "<group>"; };
		062321A7123D1EBF00DD37CA /* KInput.cpp */ = {isa = PBXFileReference; fileEncoding = 4; lastKnownFileType = sourcecode.cpp.cpp; path = KInput.cpp; sourceTree = "<group>"; };
		062321A8123D1EBF00DD37CA /* KLogFile.cpp */ = {isa = PBXFileReference; fileEncoding = 4; lastKnownFileType = sourcecode.cpp.cpp; path = KLogFile.cpp; sourceTree = "<group>"; };
		062321A9123D1EBF00DD37CA /* KMiscTools.mm */ = {isa = PBXFileReference; fileEncoding = 4; lastKnownFileType = sourcecode.cpp.objcpp; path = KMiscTools.mm; sourceTree = "<group>"; };
		062321AA123D1EBF00DD37CA /* KMusic.mm */ = {isa = PBXFileReference; fileEncoding = 4; lastKnownFileType = sourcecode.cpp.objcpp; path = KMusic.mm; sourceTree = "<group>"; };
		062321AB123D1EBF00DD37CA /* KPTK.cpp */ = {isa = PBXFileReference; fileEncoding = 4; lastKnownFileType = sourcecode.cpp.cpp; path = KPTK.cpp; sourceTree = "<group>"; };
		062321AC123D1EBF00DD37CA /* KSound.mm */ = {isa = PBXFileReference; fileEncoding = 4; lastKnownFileType = sourcecode.cpp.objcpp; path = KSound.mm; sourceTree = "<group>"; };
		062321AD123D1EBF00DD37CA /* KSpline.cpp */ = {isa = PBXFileReference; fileEncoding = 4; lastKnownFileType = sourcecode.cpp.cpp; path = KSpline.cpp; sourceTree = "<group>"; };
		062321AE123D1EBF00DD37CA /* KWeb.mm */ = {isa = PBXFileReference; fileEncoding = 4; lastKnownFileType = sourcecode.cpp.objcpp; path = KWeb.mm; sourceTree = "<group>"; };
		066D8848123A669400E4D002 /* EAGLView.mm */ = {isa = PBXFileReference; fileEncoding = 4; lastKnownFileType = sourcecode.cpp.objcpp; name = EAGLView.mm; path = Classes/EAGLView.mm; sourceTree = "<group>"; };
		069A673A126FAA870019AEA8 /* KWindow.mm */ = {isa = PBXFileReference; fileEncoding = 4; lastKnownFileType = sourcecode.cpp.objcpp; path = KWindow.mm; sourceTree = "<group>"; };
		06E8F37F1237ED3300FB24A8 /* ES1Renderer.mm */ = {isa = PBXFileReference; fileEncoding = 4; lastKnownFileType = sourcecode.cpp.objcpp; name = ES1Renderer.mm; path = Classes/ES1Renderer.mm; sourceTree = "<group>"; };
		06E8F3BD1237F17800FB24A8 /* CoreGraphics.framework */ = {isa = PBXFileReference; lastKnownFileType = wrapper.framework; name = CoreGraphics.framework; path = System/Library/Frameworks/CoreGraphics.framework; sourceTree = SDKROOT; };
		06E8F3C31237F1AD00FB24A8 /* readme.txt */ = {isa = PBXFileReference; fileEncoding = 4; lastKnownFileType = text; path = readme.txt; sourceTree = "<group>"; };
		06E8F7E512395C9C00FB24A8 /* AudioToolbox.framework */ = {isa = PBXFileReference; lastKnownFileType = wrapper.framework; name = AudioToolbox.framework; path = System/Library/Frameworks/AudioToolbox.framework; sourceTree = SDKROOT; };
		06E8F7E712395C9C00FB24A8 /* AVFoundation.framework */ = {isa = PBXFileReference; lastKnownFileType = wrapper.framework; name = AVFoundation.framework; path = System/Library/Frameworks/AVFoundation.framework; sourceTree = SDKROOT; };
		06E8F7E912395C9C00FB24A8 /* OpenAL.framework */ = {isa = PBXFileReference; lastKnownFileType = wrapper.framework; name = OpenAL.framework; path = System/Library/Frameworks/OpenAL.framework; sourceTree = SDKROOT; };
		1D30AB110D05D00D00671497 /* Foundation.framework */ = {isa = PBXFileReference; lastKnownFileType = wrapper.framework; name = Foundation.framework; path = System/Library/Frameworks/Foundation.framework; sourceTree = SDKROOT; };
		1D3623240D0F684500981E51 /* iptksampleAppDelegate.h */ = {isa = PBXFileReference; fileEncoding = 4; lastKnownFileType = sourcecode.c.h; name = iptksampleAppDelegate.h; path = Classes/iptksampleAppDelegate.h; sourceTree = "<group>"; };
		1D3623250D0F684500981E51 /* iptksampleAppDelegate.m */ = {isa = PBXFileReference; fileEncoding = 4; lastKnownFileType = sourcecode.c.objc; name = iptksampleAppDelegate.m; path = Classes/iptksampleAppDelegate.m; sourceTree = "<group>"; };
		1D6058910D05DD3D006BFB54 /* iGame.app */ = {isa = PBXFileReference; explicitFileType = wrapper.application; includeInIndex = 0; path = iGame.app; sourceTree = BUILT_PRODUCTS_DIR; };
		1DF5F4DF0D08C38300B7A737 /* UIKit.framework */ = {isa = PBXFileReference; lastKnownFileType = wrapper.framework; name = UIKit.framework; path = System/Library/Frameworks/UIKit.framework; sourceTree = SDKROOT; };
		2514C26D10084DB100A42282 /* ES1Renderer.h */ = {isa = PBXFileReference; fileEncoding = 4; lastKnownFileType = sourcecode.c.h; name = ES1Renderer.h; path = Classes/ES1Renderer.h; sourceTree = "<group>"; };
		2514C27110084DB100A42282 /* ESRenderer.h */ = {isa = PBXFileReference; fileEncoding = 4; lastKnownFileType = sourcecode.c.h; name = ESRenderer.h; path = Classes/ESRenderer.h; sourceTree = "<group>"; };
		28AD733E0D9D9553002E5188 /* MainWindow.xib */ = {isa = PBXFileReference; lastKnownFileType = file.xib; path = MainWindow.xib; sourceTree = "<group>"; };
		28FD14FC0DC6FC130079059D /* EAGLView.h */ = {isa = PBXFileReference; fileEncoding = 4; lastKnownFileType = sourcecode.c.h; name = EAGLView.h; path = Classes/EAGLView.h; sourceTree = "<group>"; };
		28FD14FF0DC6FC520079059D /* OpenGLES.framework */ = {isa = PBXFileReference; lastKnownFileType = wrapper.framework; name = OpenGLES.framework; path = System/Library/Frameworks/OpenGLES.framework; sourceTree = SDKROOT; };
		28FD15070DC6FC5B0079059D /* QuartzCore.framework */ = {isa = PBXFileReference; lastKnownFileType = wrapper.framework; name = QuartzCore.framework; path = System/Library/Frameworks/QuartzCore.framework; sourceTree = SDKROOT; };
		29B97316FDCFA39411CA2CEA /* main.m */ = {isa = PBXFileReference; fileEncoding = 4; lastKnownFileType = sourcecode.c.objc; path = main.m; sourceTree = "<group>"; };
		32CA4F630368D1EE00C91783 /* iGame_Prefix.pch */ = {isa = PBXFileReference; fileEncoding = 4; lastKnownFileType = sourcecode.c.h; path = iGame_Prefix.pch; sourceTree = "<group>"; };
		8D1107310486CEB800E47090 /* iGame-Info.plist */ = {isa = PBXFileReference; fileEncoding = 4; lastKnownFileType = text.plist.xml; path = "iGame-Info.plist"; plistStructureDefinitionIdentifier = "com.apple.xcode.plist.structure-definition.iphone.info-plist"; sourceTree = "<group>"; };
		EF0276051518CB3000C3FC89 /* Anim.cpp */ = {isa = PBXFileReference; fileEncoding = 4; lastKnownFileType = sourcecode.cpp.cpp; path = Anim.cpp; sourceTree = SOURCE_ROOT; };
		EF0276061518CB3000C3FC89 /* Anim.h */ = {isa = PBXFileReference; fileEncoding = 4; lastKnownFileType = sourcecode.c.h; path = Anim.h; sourceTree = SOURCE_ROOT; };
		EF0276071518CB3000C3FC89 /* Box.cpp */ = {isa = PBXFileReference; fileEncoding = 4; lastKnownFileType = sourcecode.cpp.cpp; path = Box.cpp; sourceTree = SOURCE_ROOT; };
		EF0276081518CB3000C3FC89 /* Box.h */ = {isa = PBXFileReference; fileEncoding = 4; lastKnownFileType = sourcecode.c.h; path = Box.h; sourceTree = SOURCE_ROOT; };
		EF0276091518CB3000C3FC89 /* config.h */ = {isa = PBXFileReference; fileEncoding = 4; lastKnownFileType = sourcecode.c.h; path = config.h; sourceTree = SOURCE_ROOT; };
		EF02760C1518CB5700C3FC89 /* eAds.cpp */ = {isa = PBXFileReference; fileEncoding = 4; lastKnownFileType = sourcecode.cpp.cpp; path = eAds.cpp; sourceTree = SOURCE_ROOT; };
		EF02760D1518CB5700C3FC89 /* eAds.h */ = {isa = PBXFileReference; fileEncoding = 4; lastKnownFileType = sourcecode.c.h; path = eAds.h; sourceTree = SOURCE_ROOT; };
		EF02760E1518CB5700C3FC89 /* eIngame.cpp */ = {isa = PBXFileReference; fileEncoding = 4; lastKnownFileType = sourcecode.cpp.cpp; path = eIngame.cpp; sourceTree = SOURCE_ROOT; };
		EF02760F1518CB5700C3FC89 /* eIngame.h */ = {isa = PBXFileReference; fileEncoding = 4; lastKnownFileType = sourcecode.c.h; path = eIngame.h; sourceTree = SOURCE_ROOT; };
		EF0276101518CB5700C3FC89 /* eIntro.cpp */ = {isa = PBXFileReference; fileEncoding = 4; lastKnownFileType = sourcecode.cpp.cpp; path = eIntro.cpp; sourceTree = SOURCE_ROOT; };
		EF0276111518CB5700C3FC89 /* eIntro.h */ = {isa = PBXFileReference; fileEncoding = 4; lastKnownFileType = sourcecode.c.h; path = eIntro.h; sourceTree = SOURCE_ROOT; };
		EF0276121518CB5700C3FC89 /* eLevelMenu.cpp */ = {isa = PBXFileReference; fileEncoding = 4; lastKnownFileType = sourcecode.cpp.cpp; path = eLevelMenu.cpp; sourceTree = SOURCE_ROOT; };
		EF0276131518CB5700C3FC89 /* eLevelMenu.h */ = {isa = PBXFileReference; fileEncoding = 4; lastKnownFileType = sourcecode.c.h; path = eLevelMenu.h; sourceTree = SOURCE_ROOT; };
		EF0276141518CB5700C3FC89 /* eMainMenu.cpp */ = {isa = PBXFileReference; fileEncoding = 4; lastKnownFileType = sourcecode.cpp.cpp; path = eMainMenu.cpp; sourceTree = SOURCE_ROOT; };
		EF0276151518CB5700C3FC89 /* eMainMenu.h */ = {isa = PBXFileReference; fileEncoding = 4; lastKnownFileType = sourcecode.c.h; path = eMainMenu.h; sourceTree = SOURCE_ROOT; };
		EF0276161518CB5700C3FC89 /* ePreload.cpp */ = {isa = PBXFileReference; fileEncoding = 4; lastKnownFileType = sourcecode.cpp.cpp; path = ePreload.cpp; sourceTree = SOURCE_ROOT; };
		EF0276171518CB5700C3FC89 /* ePreload.h */ = {isa = PBXFileReference; fileEncoding = 4; lastKnownFileType = sourcecode.c.h; path = ePreload.h; sourceTree = SOURCE_ROOT; };
		EF02761A1518CB5700C3FC89 /* EventGFX.cpp */ = {isa = PBXFileReference; fileEncoding = 4; lastKnownFileType = sourcecode.cpp.cpp; path = EventGFX.cpp; sourceTree = SOURCE_ROOT; };
		EF02761B1518CB5700C3FC89 /* EventGFX.h */ = {isa = PBXFileReference; fileEncoding = 4; lastKnownFileType = sourcecode.c.h; path = EventGFX.h; sourceTree = SOURCE_ROOT; };
		EF02761C1518CB5700C3FC89 /* FlatButton.cpp */ = {isa = PBXFileReference; fileEncoding = 4; lastKnownFileType = sourcecode.cpp.cpp; path = FlatButton.cpp; sourceTree = SOURCE_ROOT; };
		EF02761D1518CB5700C3FC89 /* FlatButton.h */ = {isa = PBXFileReference; fileEncoding = 4; lastKnownFileType = sourcecode.c.h; path = FlatButton.h; sourceTree = SOURCE_ROOT; };
		EF02761E1518CB5700C3FC89 /* iGame.cpp */ = {isa = PBXFileReference; fileEncoding = 4; lastKnownFileType = sourcecode.cpp.cpp; path = iGame.cpp; sourceTree = SOURCE_ROOT; };
		EF02761F1518CB5700C3FC89 /* iGame.h */ = {isa = PBXFileReference; fileEncoding = 4; lastKnownFileType = sourcecode.c.h; path = iGame.h; sourceTree = SOURCE_ROOT; };
		EF0276201518CB5700C3FC89 /* Jelly.cpp */ = {isa = PBXFileReference; fileEncoding = 4; lastKnownFileType = sourcecode.cpp.cpp; path = Jelly.cpp; sourceTree = SOURCE_ROOT; };
		EF0276211518CB5700C3FC89 /* Jelly.h */ = {isa = PBXFileReference; fileEncoding = 4; lastKnownFileType = sourcecode.c.h; path = Jelly.h; sourceTree = SOURCE_ROOT; };
		EF0276221518CB5700C3FC89 /* Particle2D.cpp */ = {isa = PBXFileReference; fileEncoding = 4; lastKnownFileType = sourcecode.cpp.cpp; path = Particle2D.cpp; sourceTree = SOURCE_ROOT; };
		EF0276231518CB5700C3FC89 /* Particle2D.h */ = {isa = PBXFileReference; fileEncoding = 4; lastKnownFileType = sourcecode.c.h; path = Particle2D.h; sourceTree = SOURCE_ROOT; };
		EF0276241518CB5700C3FC89 /* Particle2DManager.cpp */ = {isa = PBXFileReference; fileEncoding = 4; lastKnownFileType = sourcecode.cpp.cpp; path = Particle2DManager.cpp; sourceTree = SOURCE_ROOT; };
		EF0276251518CB5700C3FC89 /* Particle2DManager.h */ = {isa = PBXFileReference; fileEncoding = 4; lastKnownFileType = sourcecode.c.h; path = Particle2DManager.h; sourceTree = SOURCE_ROOT; };
		EF0276261518CB5700C3FC89 /* Platform.cpp */ = {isa = PBXFileReference; fileEncoding = 4; lastKnownFileType = sourcecode.cpp.cpp; path = Platform.cpp; sourceTree = SOURCE_ROOT; };
		EF0276271518CB5700C3FC89 /* Platform.h */ = {isa = PBXFileReference; fileEncoding = 4; lastKnownFileType = sourcecode.c.h; path = Platform.h; sourceTree = SOURCE_ROOT; };
		EF0276281518CB5700C3FC89 /* Sprite.cpp */ = {isa = PBXFileReference; fileEncoding = 4; lastKnownFileType = sourcecode.cpp.cpp; path = Sprite.cpp; sourceTree = SOURCE_ROOT; };
		EF0276291518CB5700C3FC89 /* Sprite.h */ = {isa = PBXFileReference; fileEncoding = 4; lastKnownFileType = sourcecode.c.h; path = Sprite.h; sourceTree = SOURCE_ROOT; };
		EF02762A1518CB5700C3FC89 /* Touch.cpp */ = {isa = PBXFileReference; fileEncoding = 4; lastKnownFileType = sourcecode.cpp.cpp; path = Touch.cpp; sourceTree = SOURCE_ROOT; };
		EF02762B1518CB5700C3FC89 /* Touch.h */ = {isa = PBXFileReference; fileEncoding = 4; lastKnownFileType = sourcecode.c.h; path = Touch.h; sourceTree = SOURCE_ROOT; };
		EF02762C1518CB5700C3FC89 /* TouchButton.cpp */ = {isa = PBXFileReference; fileEncoding = 4; lastKnownFileType = sourcecode.cpp.cpp; path = TouchButton.cpp; sourceTree = SOURCE_ROOT; };
		EF02762D1518CB5700C3FC89 /* TouchButton.h */ = {isa = PBXFileReference; fileEncoding = 4; lastKnownFileType = sourcecode.c.h; path = TouchButton.h; sourceTree = SOURCE_ROOT; };
		EF0276411518D30200C3FC89 /* debug.h */ = {isa = PBXFileReference; fileEncoding = 4; lastKnownFileType = sourcecode.c.h; path = debug.h; sourceTree = SOURCE_ROOT; };
		EF16DFD715060B2400AADB8C /* app_icon_72.png */ = {isa = PBXFileReference; lastKnownFileType = image.png; path = app_icon_72.png; sourceTree = "<group>"; };
		EF19A4F915206FBB0066E45B /* button */ = {isa = PBXFileReference; lastKnownFileType = folder; name = button; path = gfx/button; sourceTree = "<group>"; };
		EF57B19415121B7D00C0F01C /* fx_fade_25_percent.png */ = {isa = PBXFileReference; lastKnownFileType = image.png; name = fx_fade_25_percent.png; path = gfx/fx_fade_25_percent.png; sourceTree = "<group>"; };
		EF57B19515121B7D00C0F01C /* fx_fade_50_percent.png */ = {isa = PBXFileReference; lastKnownFileType = image.png; name = fx_fade_50_percent.png; path = gfx/fx_fade_50_percent.png; sourceTree = "<group>"; };
		EF57B19615121B7D00C0F01C /* fx_fade_75_percent.png */ = {isa = PBXFileReference; lastKnownFileType = image.png; name = fx_fade_75_percent.png; path = gfx/fx_fade_75_percent.png; sourceTree = "<group>"; };
		EF57B19715121B7D00C0F01C /* fx_fade_100_percent.png */ = {isa = PBXFileReference; lastKnownFileType = image.png; name = fx_fade_100_percent.png; path = gfx/fx_fade_100_percent.png; sourceTree = "<group>"; };
		EF57B19815121B7D00C0F01C /* fx_white_fade_25_percent.png */ = {isa = PBXFileReference; lastKnownFileType = image.png; name = fx_white_fade_25_percent.png; path = gfx/fx_white_fade_25_percent.png; sourceTree = "<group>"; };
		EF57B19915121B7D00C0F01C /* fx_white_fade_50_percent.png */ = {isa = PBXFileReference; lastKnownFileType = image.png; name = fx_white_fade_50_percent.png; path = gfx/fx_white_fade_50_percent.png; sourceTree = "<group>"; };
		EF57B19A15121B7D00C0F01C /* fx_white_fade_75_percent.png */ = {isa = PBXFileReference; lastKnownFileType = image.png; name = fx_white_fade_75_percent.png; path = gfx/fx_white_fade_75_percent.png; sourceTree = "<group>"; };
		EF57B19B15121B7D00C0F01C /* fx_white_fade_100_percent.png */ = {isa = PBXFileReference; lastKnownFileType = image.png; name = fx_white_fade_100_percent.png; path = gfx/fx_white_fade_100_percent.png; sourceTree = "<group>"; };
		EF57B1A415121B8A00C0F01C /* levelmenu_layer0.png */ = {isa = PBXFileReference; lastKnownFileType = image.png; name = levelmenu_layer0.png; path = gfx/levelmenu_layer0.png; sourceTree = "<group>"; };
		EF57B1A81512270D00C0F01C /* levelmenu_layer5.png */ = {isa = PBXFileReference; lastKnownFileType = image.png; name = levelmenu_layer5.png; path = gfx/levelmenu_layer5.png; sourceTree = "<group>"; };
		EF64C10F1507B7D400A73444 /* mmenu_cloud1.png */ = {isa = PBXFileReference; lastKnownFileType = image.png; name = mmenu_cloud1.png; path = gfx/mmenu_cloud1.png; sourceTree = "<group>"; };
		EF64C1101507B7D400A73444 /* mmenu_cloud2.png */ = {isa = PBXFileReference; lastKnownFileType = image.png; name = mmenu_cloud2.png; path = gfx/mmenu_cloud2.png; sourceTree = "<group>"; };
		EF64C1111507B7D400A73444 /* mmenu_cloud3.png */ = {isa = PBXFileReference; lastKnownFileType = image.png; name = mmenu_cloud3.png; path = gfx/mmenu_cloud3.png; sourceTree = "<group>"; };
		EF64C1121507B7D400A73444 /* mmenu_cloud4.png */ = {isa = PBXFileReference; lastKnownFileType = image.png; name = mmenu_cloud4.png; path = gfx/mmenu_cloud4.png; sourceTree = "<group>"; };
		EF6E440A1519D9A900C77F9C /* level */ = {isa = PBXFileReference; lastKnownFileType = folder; name = level; path = gfx/level; sourceTree = "<group>"; };
		EF6E440C1519E3A900C77F9C /* Default-Landscape~ipad.png */ = {isa = PBXFileReference; lastKnownFileType = image.png; path = "Default-Landscape~ipad.png"; sourceTree = "<group>"; };
		EF8DA4AF152336E20017EE7A /* Sound.cpp */ = {isa = PBXFileReference; fileEncoding = 4; lastKnownFileType = sourcecode.cpp.cpp; path = Sound.cpp; sourceTree = SOURCE_ROOT; };
		EF8DA4B0152336E20017EE7A /* Sound.h */ = {isa = PBXFileReference; fileEncoding = 4; lastKnownFileType = sourcecode.c.h; path = Sound.h; sourceTree = SOURCE_ROOT; };
		EF8DA4B315233C010017EE7A /* sfx */ = {isa = PBXFileReference; lastKnownFileType = folder; path = sfx; sourceTree = "<group>"; };
		EF985185150651B1000418C3 /* e_preload.png */ = {isa = PBXFileReference; lastKnownFileType = image.png; name = e_preload.png; path = assets/e_preload.png; sourceTree = "<group>"; };
		EF98518A150654D3000418C3 /* e_ads.png */ = {isa = PBXFileReference; lastKnownFileType = image.png; name = e_ads.png; path = assets/e_ads.png; sourceTree = "<group>"; };
		EF98518C15065874000418C3 /* e_ads.mp3 */ = {isa = PBXFileReference; lastKnownFileType = audio.mp3; name = e_ads.mp3; path = sfx/e_ads.mp3; sourceTree = "<group>"; };
		EF98518E150658A6000418C3 /* city_logo.png */ = {isa = PBXFileReference; lastKnownFileType = image.png; name = city_logo.png; path = gfx/city_logo.png; sourceTree = "<group>"; };
		EF9B6492150662980029F88D /* e_intro.png */ = {isa = PBXFileReference; lastKnownFileType = image.png; name = e_intro.png; path = assets/e_intro.png; sourceTree = "<group>"; };
		EFB2E32C152077D900F55D62 /* particle */ = {isa = PBXFileReference; lastKnownFileType = folder; name = particle; path = gfx/particle; sourceTree = "<group>"; };
		EFB2E32E15207BE600F55D62 /* jelly */ = {isa = PBXFileReference; lastKnownFileType = folder; name = jelly; path = gfx/jelly; sourceTree = "<group>"; };
		EFB2E33015207E1800F55D62 /* font */ = {isa = PBXFileReference; lastKnownFileType = folder; name = font; path = gfx/font; sourceTree = "<group>"; };
		EFB2E3321520947900F55D62 /* anim */ = {isa = PBXFileReference; lastKnownFileType = folder; name = anim; path = gfx/anim; sourceTree = "<group>"; };
		EFD11F2C150786FE007A9447 /* mmenu_layer0.png */ = {isa = PBXFileReference; lastKnownFileType = image.png; name = mmenu_layer0.png; path = gfx/mmenu_layer0.png; sourceTree = "<group>"; };
		EFD11F2E150787B8007A9447 /* mmenu_layer5.png */ = {isa = PBXFileReference; lastKnownFileType = image.png; name = mmenu_layer5.png; path = gfx/mmenu_layer5.png; sourceTree = "<group>"; };
		EFD11F3015078B24007A9447 /* mmenu.mp3 */ = {isa = PBXFileReference; lastKnownFileType = audio.mp3; name = mmenu.mp3; path = sfx/mmenu.mp3; sourceTree = "<group>"; };
		EFE3B220150F47CA008D7364 /* dot_yellow.png */ = {isa = PBXFileReference; lastKnownFileType = image.png; name = dot_yellow.png; path = gfx/dot_yellow.png; sourceTree = "<group>"; };
		EFE3B304150F8EEC008D7364 /* garnek.png */ = {isa = PBXFileReference; lastKnownFileType = image.png; name = garnek.png; path = gfx/garnek.png; sourceTree = "<group>"; };
		EFE4F4B8150E236800D99B0C /* ingame.mp3 */ = {isa = PBXFileReference; lastKnownFileType = audio.mp3; name = ingame.mp3; path = sfx/ingame.mp3; sourceTree = "<group>"; };
		EFF07DB4150603F100A263C0 /* MainWindow-iPad.xib */ = {isa = PBXFileReference; lastKnownFileType = file.xib; name = "MainWindow-iPad.xib"; path = "iPad/MainWindow-iPad.xib"; sourceTree = "<group>"; };
/* End PBXFileReference section */

/* Begin PBXFrameworksBuildPhase section */
		1D60588F0D05DD3D006BFB54 /* Frameworks */ = {
			isa = PBXFrameworksBuildPhase;
			buildActionMask = 2147483647;
			files = (
				1D60589F0D05DD5A006BFB54 /* Foundation.framework in Frameworks */,
				1DF5F4E00D08C38300B7A737 /* UIKit.framework in Frameworks */,
				28FD15000DC6FC520079059D /* OpenGLES.framework in Frameworks */,
				28FD15080DC6FC5B0079059D /* QuartzCore.framework in Frameworks */,
				06E8F3BE1237F17800FB24A8 /* CoreGraphics.framework in Frameworks */,
				06E8F7E612395C9C00FB24A8 /* AudioToolbox.framework in Frameworks */,
				06E8F7E812395C9C00FB24A8 /* AVFoundation.framework in Frameworks */,
				06E8F7EA12395C9C00FB24A8 /* OpenAL.framework in Frameworks */,
			);
			runOnlyForDeploymentPostprocessing = 0;
		};
/* End PBXFrameworksBuildPhase section */

/* Begin PBXGroup section */
		06232191123D1EBF00DD37CA /* iptk */ = {
			isa = PBXGroup;
			children = (
				06232192123D1EBF00DD37CA /* Headers */,
				062321A2123D1EBF00DD37CA /* Sources */,
			);
			name = iptk;
			path = ../iptk;
			sourceTree = SOURCE_ROOT;
		};
		06232192123D1EBF00DD37CA /* Headers */ = {
			isa = PBXGroup;
			children = (
				06232193123D1EBF00DD37CA /* GLTextureHelper.h */,
				06232195123D1EBF00DD37CA /* KBatch.h */,
				06232196123D1EBF00DD37CA /* KGraphic.h */,
				06232197123D1EBF00DD37CA /* KGraphicGL.h */,
				06232198123D1EBF00DD37CA /* KGraphicGLLandscape.h */,
				06232199123D1EBF00DD37CA /* KInput.h */,
				0623219A123D1EBF00DD37CA /* KLogFile.h */,
				0623219B123D1EBF00DD37CA /* KMiscTools.h */,
				0623219C123D1EBF00DD37CA /* KMusic.h */,
				0623219D123D1EBF00DD37CA /* KPTK.h */,
				0623219E123D1EBF00DD37CA /* KSound.h */,
				0623219F123D1EBF00DD37CA /* KSpline.h */,
				062321A0123D1EBF00DD37CA /* KWeb.h */,
				062321A1123D1EBF00DD37CA /* KWindow.h */,
			);
			path = Headers;
			sourceTree = "<group>";
		};
		062321A2123D1EBF00DD37CA /* Sources */ = {
			isa = PBXGroup;
			children = (
				062321A3123D1EBF00DD37CA /* GLTextureHelper.mm */,
				062321A4123D1EBF00DD37CA /* KBatchGL.cpp */,
				062321A5123D1EBF00DD37CA /* KGraphicGL.cpp */,
				062321A6123D1EBF00DD37CA /* KGraphicGLLandscape.cpp */,
				062321A7123D1EBF00DD37CA /* KInput.cpp */,
				062321A8123D1EBF00DD37CA /* KLogFile.cpp */,
				062321A9123D1EBF00DD37CA /* KMiscTools.mm */,
				062321AA123D1EBF00DD37CA /* KMusic.mm */,
				062321AB123D1EBF00DD37CA /* KPTK.cpp */,
				062321AC123D1EBF00DD37CA /* KSound.mm */,
				062321AD123D1EBF00DD37CA /* KSpline.cpp */,
				062321AE123D1EBF00DD37CA /* KWeb.mm */,
				069A673A126FAA870019AEA8 /* KWindow.mm */,
			);
			path = Sources;
			sourceTree = "<group>";
		};
		080E96DDFE201D6D7F000001 /* Classes */ = {
			isa = PBXGroup;
			children = (
				EF8DA4AF152336E20017EE7A /* Sound.cpp */,
				EF8DA4B0152336E20017EE7A /* Sound.h */,
				EF0276411518D30200C3FC89 /* debug.h */,
				EF0276051518CB3000C3FC89 /* Anim.cpp */,
				EF0276061518CB3000C3FC89 /* Anim.h */,
				EF0276071518CB3000C3FC89 /* Box.cpp */,
				EF0276081518CB3000C3FC89 /* Box.h */,
				EF0276091518CB3000C3FC89 /* config.h */,
				EF02760C1518CB5700C3FC89 /* eAds.cpp */,
				EF02760D1518CB5700C3FC89 /* eAds.h */,
				EF02760E1518CB5700C3FC89 /* eIngame.cpp */,
				EF02760F1518CB5700C3FC89 /* eIngame.h */,
				EF0276101518CB5700C3FC89 /* eIntro.cpp */,
				EF0276111518CB5700C3FC89 /* eIntro.h */,
				EF0276121518CB5700C3FC89 /* eLevelMenu.cpp */,
				EF0276131518CB5700C3FC89 /* eLevelMenu.h */,
				EF0276141518CB5700C3FC89 /* eMainMenu.cpp */,
				EF0276151518CB5700C3FC89 /* eMainMenu.h */,
				EF0276161518CB5700C3FC89 /* ePreload.cpp */,
				EF0276171518CB5700C3FC89 /* ePreload.h */,
				EF02761A1518CB5700C3FC89 /* EventGFX.cpp */,
				EF02761B1518CB5700C3FC89 /* EventGFX.h */,
				EF02761C1518CB5700C3FC89 /* FlatButton.cpp */,
				EF02761D1518CB5700C3FC89 /* FlatButton.h */,
				EF02761E1518CB5700C3FC89 /* iGame.cpp */,
				EF02761F1518CB5700C3FC89 /* iGame.h */,
				EF0276201518CB5700C3FC89 /* Jelly.cpp */,
				EF0276211518CB5700C3FC89 /* Jelly.h */,
				EF0276221518CB5700C3FC89 /* Particle2D.cpp */,
				EF0276231518CB5700C3FC89 /* Particle2D.h */,
				EF0276241518CB5700C3FC89 /* Particle2DManager.cpp */,
				EF0276251518CB5700C3FC89 /* Particle2DManager.h */,
				EF0276261518CB5700C3FC89 /* Platform.cpp */,
				EF0276271518CB5700C3FC89 /* Platform.h */,
				EF0276281518CB5700C3FC89 /* Sprite.cpp */,
				EF0276291518CB5700C3FC89 /* Sprite.h */,
				EF02762A1518CB5700C3FC89 /* Touch.cpp */,
				EF02762B1518CB5700C3FC89 /* Touch.h */,
				EF02762C1518CB5700C3FC89 /* TouchButton.cpp */,
				EF02762D1518CB5700C3FC89 /* TouchButton.h */,
			);
			path = Classes;
			sourceTree = "<group>";
		};
		19C28FACFE9D520D11CA2CBB /* Products */ = {
			isa = PBXGroup;
			children = (
				1D6058910D05DD3D006BFB54 /* iGame.app */,
			);
			name = Products;
			sourceTree = "<group>";
		};
		29B97314FDCFA39411CA2CEA /* CustomTemplate */ = {
			isa = PBXGroup;
			children = (
				EF6E440C1519E3A900C77F9C /* Default-Landscape~ipad.png */,
				EF16DFD715060B2400AADB8C /* app_icon_72.png */,
				080E96DDFE201D6D7F000001 /* Classes */,
				06232191123D1EBF00DD37CA /* iptk */,
				29B97315FDCFA39411CA2CEA /* Other Sources */,
				29B97317FDCFA39411CA2CEA /* Resources */,
				EFF07DB3150603F000A263C0 /* iPad */,
				29B97323FDCFA39411CA2CEA /* Frameworks */,
				19C28FACFE9D520D11CA2CBB /* Products */,
			);
			name = CustomTemplate;
			sourceTree = "<group>";
		};
		29B97315FDCFA39411CA2CEA /* Other Sources */ = {
			isa = PBXGroup;
			children = (
				066D8848123A669400E4D002 /* EAGLView.mm */,
				28FD14FC0DC6FC130079059D /* EAGLView.h */,
				06E8F37F1237ED3300FB24A8 /* ES1Renderer.mm */,
				2514C26D10084DB100A42282 /* ES1Renderer.h */,
				2514C27110084DB100A42282 /* ESRenderer.h */,
				1D3623240D0F684500981E51 /* iptksampleAppDelegate.h */,
				1D3623250D0F684500981E51 /* iptksampleAppDelegate.m */,
				32CA4F630368D1EE00C91783 /* iGame_Prefix.pch */,
				29B97316FDCFA39411CA2CEA /* main.m */,
			);
			name = "Other Sources";
			sourceTree = "<group>";
		};
		29B97317FDCFA39411CA2CEA /* Resources */ = {
			isa = PBXGroup;
			children = (
				EF8DA4B315233C010017EE7A /* sfx */,
				EFB2E3321520947900F55D62 /* anim */,
				EFB2E33015207E1800F55D62 /* font */,
				EFB2E32E15207BE600F55D62 /* jelly */,
				EFB2E32C152077D900F55D62 /* particle */,
				EF19A4F915206FBB0066E45B /* button */,
				EF6E440A1519D9A900C77F9C /* level */,
				EF98518E150658A6000418C3 /* city_logo.png */,
				EFE3B220150F47CA008D7364 /* dot_yellow.png */,
				EF98518C15065874000418C3 /* e_ads.mp3 */,
				EF98518A150654D3000418C3 /* e_ads.png */,
				EF9B6492150662980029F88D /* e_intro.png */,
				EF985185150651B1000418C3 /* e_preload.png */,
				EF57B19715121B7D00C0F01C /* fx_fade_100_percent.png */,
				EF57B19415121B7D00C0F01C /* fx_fade_25_percent.png */,
				EF57B19515121B7D00C0F01C /* fx_fade_50_percent.png */,
				EF57B19615121B7D00C0F01C /* fx_fade_75_percent.png */,
				EF57B19B15121B7D00C0F01C /* fx_white_fade_100_percent.png */,
				EF57B19815121B7D00C0F01C /* fx_white_fade_25_percent.png */,
				EF57B19915121B7D00C0F01C /* fx_white_fade_50_percent.png */,
				EF57B19A15121B7D00C0F01C /* fx_white_fade_75_percent.png */,
				EFE3B304150F8EEC008D7364 /* garnek.png */,
				8D1107310486CEB800E47090 /* iGame-Info.plist */,
				EFE4F4B8150E236800D99B0C /* ingame.mp3 */,
				EF57B1A415121B8A00C0F01C /* levelmenu_layer0.png */,
				EF57B1A81512270D00C0F01C /* levelmenu_layer5.png */,
				28AD733E0D9D9553002E5188 /* MainWindow.xib */,
				EFD11F3015078B24007A9447 /* mmenu.mp3 */,
				EF64C10F1507B7D400A73444 /* mmenu_cloud1.png */,
				EF64C1101507B7D400A73444 /* mmenu_cloud2.png */,
				EF64C1111507B7D400A73444 /* mmenu_cloud3.png */,
				EF64C1121507B7D400A73444 /* mmenu_cloud4.png */,
				EFD11F2C150786FE007A9447 /* mmenu_layer0.png */,
				EFD11F2E150787B8007A9447 /* mmenu_layer5.png */,
				06E8F3C31237F1AD00FB24A8 /* readme.txt */,
			);
			name = Resources;
			sourceTree = "<group>";
		};
		29B97323FDCFA39411CA2CEA /* Frameworks */ = {
			isa = PBXGroup;
			children = (
				28FD15070DC6FC5B0079059D /* QuartzCore.framework */,
				28FD14FF0DC6FC520079059D /* OpenGLES.framework */,
				1DF5F4DF0D08C38300B7A737 /* UIKit.framework */,
				1D30AB110D05D00D00671497 /* Foundation.framework */,
				06E8F3BD1237F17800FB24A8 /* CoreGraphics.framework */,
				06E8F7E512395C9C00FB24A8 /* AudioToolbox.framework */,
				06E8F7E712395C9C00FB24A8 /* AVFoundation.framework */,
				06E8F7E912395C9C00FB24A8 /* OpenAL.framework */,
			);
			name = Frameworks;
			sourceTree = "<group>";
		};
		EFF07DB3150603F000A263C0 /* iPad */ = {
			isa = PBXGroup;
			children = (
				EFF07DB4150603F100A263C0 /* MainWindow-iPad.xib */,
			);
			name = iPad;
			sourceTree = "<group>";
		};
/* End PBXGroup section */

/* Begin PBXNativeTarget section */
		1D6058900D05DD3D006BFB54 /* iGame */ = {
			isa = PBXNativeTarget;
			buildConfigurationList = 1D6058960D05DD3E006BFB54 /* Build configuration list for PBXNativeTarget "iGame" */;
			buildPhases = (
				1D60588D0D05DD3D006BFB54 /* Resources */,
				1D60588E0D05DD3D006BFB54 /* Sources */,
				1D60588F0D05DD3D006BFB54 /* Frameworks */,
			);
			buildRules = (
			);
			dependencies = (
			);
			name = iGame;
			productName = iptksample;
			productReference = 1D6058910D05DD3D006BFB54 /* iGame.app */;
			productType = "com.apple.product-type.application";
		};
/* End PBXNativeTarget section */

/* Begin PBXProject section */
		29B97313FDCFA39411CA2CEA /* Project object */ = {
			isa = PBXProject;
			attributes = {
				LastUpgradeCheck = 0430;
			};
			buildConfigurationList = C01FCF4E08A954540054247B /* Build configuration list for PBXProject "iGame" */;
			compatibilityVersion = "Xcode 3.2";
			developmentRegion = English;
			hasScannedForEncodings = 1;
			knownRegions = (
				English,
				Japanese,
				French,
				German,
			);
			mainGroup = 29B97314FDCFA39411CA2CEA /* CustomTemplate */;
			projectDirPath = "";
			projectRoot = "";
			targets = (
				1D6058900D05DD3D006BFB54 /* iGame */,
			);
		};
/* End PBXProject section */

/* Begin PBXResourcesBuildPhase section */
		1D60588D0D05DD3D006BFB54 /* Resources */ = {
			isa = PBXResourcesBuildPhase;
			buildActionMask = 2147483647;
			files = (
				28AD733F0D9D9553002E5188 /* MainWindow.xib in Resources */,
				06E8F3C41237F1AD00FB24A8 /* readme.txt in Resources */,
				EFF07DB5150603F100A263C0 /* MainWindow-iPad.xib in Resources */,
				EF16DFD815060B2400AADB8C /* app_icon_72.png in Resources */,
				EF985186150651B1000418C3 /* e_preload.png in Resources */,
				EF98518B150654D3000418C3 /* e_ads.png in Resources */,
				EF98518D15065874000418C3 /* e_ads.mp3 in Resources */,
				EF98518F150658A6000418C3 /* city_logo.png in Resources */,
				EF9B6493150662980029F88D /* e_intro.png in Resources */,
				EFD11F2D150786FE007A9447 /* mmenu_layer0.png in Resources */,
				EFD11F2F150787B8007A9447 /* mmenu_layer5.png in Resources */,
				EFD11F3115078B24007A9447 /* mmenu.mp3 in Resources */,
				EF64C1131507B7D400A73444 /* mmenu_cloud1.png in Resources */,
				EF64C1141507B7D400A73444 /* mmenu_cloud2.png in Resources */,
				EF64C1151507B7D400A73444 /* mmenu_cloud3.png in Resources */,
				EF64C1161507B7D400A73444 /* mmenu_cloud4.png in Resources */,
				EFE4F4B9150E236800D99B0C /* ingame.mp3 in Resources */,
				EFE3B221150F47CA008D7364 /* dot_yellow.png in Resources */,
				EFE3B305150F8EEC008D7364 /* garnek.png in Resources */,
				EF57B19C15121B7D00C0F01C /* fx_fade_25_percent.png in Resources */,
				EF57B19D15121B7D00C0F01C /* fx_fade_50_percent.png in Resources */,
				EF57B19E15121B7D00C0F01C /* fx_fade_75_percent.png in Resources */,
				EF57B19F15121B7D00C0F01C /* fx_fade_100_percent.png in Resources */,
				EF57B1A015121B7D00C0F01C /* fx_white_fade_25_percent.png in Resources */,
				EF57B1A115121B7D00C0F01C /* fx_white_fade_50_percent.png in Resources */,
				EF57B1A215121B7D00C0F01C /* fx_white_fade_75_percent.png in Resources */,
				EF57B1A315121B7D00C0F01C /* fx_white_fade_100_percent.png in Resources */,
				EF57B1A515121B8A00C0F01C /* levelmenu_layer0.png in Resources */,
				EF57B1A91512270D00C0F01C /* levelmenu_layer5.png in Resources */,
				EF6E440B1519D9A900C77F9C /* level in Resources */,
				EF6E440D1519E3A900C77F9C /* Default-Landscape~ipad.png in Resources */,
				EF19A4FA15206FBB0066E45B /* button in Resources */,
				EFB2E32D152077D900F55D62 /* particle in Resources */,
				EFB2E32F15207BE600F55D62 /* jelly in Resources */,
				EFB2E33115207E1800F55D62 /* font in Resources */,
				EFB2E3331520947900F55D62 /* anim in Resources */,
				EF8DA4B415233C010017EE7A /* sfx in Resources */,
			);
			runOnlyForDeploymentPostprocessing = 0;
		};
/* End PBXResourcesBuildPhase section */

/* Begin PBXSourcesBuildPhase section */
		1D60588E0D05DD3D006BFB54 /* Sources */ = {
			isa = PBXSourcesBuildPhase;
			buildActionMask = 2147483647;
			files = (
				1D60589B0D05DD56006BFB54 /* main.m in Sources */,
				1D3623260D0F684500981E51 /* iptksampleAppDelegate.m in Sources */,
				06E8F3801237ED3300FB24A8 /* ES1Renderer.mm in Sources */,
				066D8849123A669400E4D002 /* EAGLView.mm in Sources */,
				062321B0123D1EBF00DD37CA /* GLTextureHelper.mm in Sources */,
				062321B1123D1EBF00DD37CA /* KBatchGL.cpp in Sources */,
				062321B2123D1EBF00DD37CA /* KGraphicGL.cpp in Sources */,
				062321B3123D1EBF00DD37CA /* KGraphicGLLandscape.cpp in Sources */,
				062321B4123D1EBF00DD37CA /* KInput.cpp in Sources */,
				062321B5123D1EBF00DD37CA /* KLogFile.cpp in Sources */,
				062321B6123D1EBF00DD37CA /* KMiscTools.mm in Sources */,
				062321B7123D1EBF00DD37CA /* KMusic.mm in Sources */,
				062321B8123D1EBF00DD37CA /* KPTK.cpp in Sources */,
				062321B9123D1EBF00DD37CA /* KSound.mm in Sources */,
				062321BA123D1EBF00DD37CA /* KSpline.cpp in Sources */,
				062321BB123D1EBF00DD37CA /* KWeb.mm in Sources */,
				069A673B126FAA870019AEA8 /* KWindow.mm in Sources */,
				EF02760A1518CB3000C3FC89 /* Anim.cpp in Sources */,
				EF02760B1518CB3000C3FC89 /* Box.cpp in Sources */,
				EF02762E1518CB5700C3FC89 /* eAds.cpp in Sources */,
				EF02762F1518CB5700C3FC89 /* eIngame.cpp in Sources */,
				EF0276301518CB5700C3FC89 /* eIntro.cpp in Sources */,
				EF0276311518CB5700C3FC89 /* eLevelMenu.cpp in Sources */,
				EF0276321518CB5700C3FC89 /* eMainMenu.cpp in Sources */,
				EF0276331518CB5700C3FC89 /* ePreload.cpp in Sources */,
				EF0276351518CB5700C3FC89 /* EventGFX.cpp in Sources */,
				EF0276361518CB5700C3FC89 /* FlatButton.cpp in Sources */,
				EF0276371518CB5700C3FC89 /* iGame.cpp in Sources */,
				EF0276381518CB5700C3FC89 /* Jelly.cpp in Sources */,
				EF0276391518CB5700C3FC89 /* Particle2D.cpp in Sources */,
				EF02763A1518CB5700C3FC89 /* Particle2DManager.cpp in Sources */,
				EF02763B1518CB5700C3FC89 /* Platform.cpp in Sources */,
				EF02763C1518CB5700C3FC89 /* Sprite.cpp in Sources */,
				EF02763D1518CB5700C3FC89 /* Touch.cpp in Sources */,
				EF02763E1518CB5700C3FC89 /* TouchButton.cpp in Sources */,
				EF8DA4B1152336E20017EE7A /* Sound.cpp in Sources */,
			);
			runOnlyForDeploymentPostprocessing = 0;
		};
/* End PBXSourcesBuildPhase section */

/* Begin XCBuildConfiguration section */
		1D6058940D05DD3E006BFB54 /* Debug */ = {
			isa = XCBuildConfiguration;
			buildSettings = {
				ALWAYS_SEARCH_USER_PATHS = NO;
				CODE_SIGN_IDENTITY = "iPhone Developer: Wiktor Witkowski (V52G6SJJJ5)";
				"CODE_SIGN_IDENTITY[sdk=*]" = "iPhone Developer: Wiktor Witkowski (V52G6SJJJ5)";
				"CODE_SIGN_IDENTITY[sdk=iphoneos*]" = "iPhone Developer: Wiktor Witkowski (V52G6SJJJ5)";
				"CODE_SIGN_RESOURCE_RULES_PATH[sdk=iphoneos*]" = "";
				COPY_PHASE_STRIP = NO;
				GCC_DYNAMIC_NO_PIC = NO;
				GCC_OPTIMIZATION_LEVEL = 0;
				GCC_PRECOMPILE_PREFIX_HEADER = YES;
				GCC_PREFIX_HEADER = iGame_Prefix.pch;
				"GCC_THUMB_SUPPORT[arch=armv6]" = "";
				INFOPLIST_FILE = "iGame-Info.plist";
				IPHONEOS_DEPLOYMENT_TARGET = 5.1;
				LIBRARY_SEARCH_PATHS = (
					"$(inherited)",
					"\"$(SRCROOT)/iptk\"",
				);
				PRODUCT_NAME = iGame;
				PROVISIONING_PROFILE = "CF97DB68-CEC2-499A-8B33-CD17904F9965";
				"PROVISIONING_PROFILE[sdk=*]" = "CF97DB68-CEC2-499A-8B33-CD17904F9965";
				"PROVISIONING_PROFILE[sdk=iphoneos*]" = "CF97DB68-CEC2-499A-8B33-CD17904F9965";
				SDKROOT = iphoneos;
				TARGETED_DEVICE_FAMILY = 2;
				VALIDATE_PRODUCT = NO;
			};
			name = Debug;
		};
		1D6058950D05DD3E006BFB54 /* Release */ = {
			isa = XCBuildConfiguration;
			buildSettings = {
				ALWAYS_SEARCH_USER_PATHS = NO;
				CODE_SIGN_IDENTITY = "iPhone Developer: Wiktor Witkowski (V52G6SJJJ5)";
				"CODE_SIGN_RESOURCE_RULES_PATH[sdk=iphoneos*]" = "";
				COPY_PHASE_STRIP = NO;
				GCC_PRECOMPILE_PREFIX_HEADER = YES;
				GCC_PREFIX_HEADER = iGame_Prefix.pch;
				"GCC_THUMB_SUPPORT[arch=armv6]" = "";
				INFOPLIST_FILE = "iGame-Info.plist";
				IPHONEOS_DEPLOYMENT_TARGET = 5.1;
				LIBRARY_SEARCH_PATHS = (
					"$(inherited)",
					"\"$(SRCROOT)/iptk\"",
				);
				PRODUCT_NAME = iGame;
				PROVISIONING_PROFILE = "CF97DB68-CEC2-499A-8B33-CD17904F9965";
				SDKROOT = iphoneos;
				TARGETED_DEVICE_FAMILY = 2;
				VALIDATE_PRODUCT = NO;
			};
			name = Release;
		};
		C01FCF4F08A954540054247B /* Debug */ = {
			isa = XCBuildConfiguration;
			buildSettings = {
				ARCHS = "$(ARCHS_STANDARD_32_BIT)";
				CODE_SIGN_IDENTITY = "iPhone Developer: Wiktor Witkowski (V52G6SJJJ5)";
				"CODE_SIGN_IDENTITY[sdk=*]" = "iPhone Developer: Wiktor Witkowski (V52G6SJJJ5)";
				"CODE_SIGN_IDENTITY[sdk=iphoneos*]" = "iPhone Developer: Wiktor Witkowski (V52G6SJJJ5)";
				GCC_C_LANGUAGE_STANDARD = c99;
				GCC_PREPROCESSOR_DEFINITIONS = DEBUG;
				GCC_WARN_ABOUT_RETURN_TYPE = YES;
				GCC_WARN_UNUSED_VARIABLE = YES;
				IPHONEOS_DEPLOYMENT_TARGET = 5.1;
				PROVISIONING_PROFILE = "CF97DB68-CEC2-499A-8B33-CD17904F9965";
				"PROVISIONING_PROFILE[sdk=*]" = "CF97DB68-CEC2-499A-8B33-CD17904F9965";
				"PROVISIONING_PROFILE[sdk=iphoneos*]" = "CF97DB68-CEC2-499A-8B33-CD17904F9965";
				SDKROOT = iphoneos;
				TARGETED_DEVICE_FAMILY = 2;
			};
			name = Debug;
		};
		C01FCF5008A954540054247B /* Release */ = {
			isa = XCBuildConfiguration;
			buildSettings = {
				ARCHS = "$(ARCHS_STANDARD_32_BIT)";
				CODE_SIGN_IDENTITY = "iPhone Developer: Wiktor Witkowski (V52G6SJJJ5)";
				"CODE_SIGN_IDENTITY[sdk=*]" = "iPhone Developer: Wiktor Witkowski (V52G6SJJJ5)";
				"CODE_SIGN_IDENTITY[sdk=iphoneos*]" = "iPhone Developer: Wiktor Witkowski (V52G6SJJJ5)";
				GCC_C_LANGUAGE_STANDARD = c99;
				GCC_WARN_ABOUT_RETURN_TYPE = YES;
				GCC_WARN_UNUSED_VARIABLE = YES;
				IPHONEOS_DEPLOYMENT_TARGET = 5.1;
				OTHER_CFLAGS = "-DNS_BLOCK_ASSERTIONS=1";
				PROVISIONING_PROFILE = "CF97DB68-CEC2-499A-8B33-CD17904F9965";
				"PROVISIONING_PROFILE[sdk=*]" = "CF97DB68-CEC2-499A-8B33-CD17904F9965";
				"PROVISIONING_PROFILE[sdk=iphoneos*]" = "CF97DB68-CEC2-499A-8B33-CD17904F9965";
				SDKROOT = iphoneos;
				TARGETED_DEVICE_FAMILY = 2;
			};
			name = Release;
		};
/* End XCBuildConfiguration section */

/* Begin XCConfigurationList section */
		1D6058960D05DD3E006BFB54 /* Build configuration list for PBXNativeTarget "iGame" */ = {
			isa = XCConfigurationList;
			buildConfigurations = (
				1D6058940D05DD3E006BFB54 /* Debug */,
				1D6058950D05DD3E006BFB54 /* Release */,
			);
			defaultConfigurationIsVisible = 0;
			defaultConfigurationName = Debug;
		};
		C01FCF4E08A954540054247B /* Build configuration list for PBXProject "iGame" */ = {
			isa = XCConfigurationList;
			buildConfigurations = (
				C01FCF4F08A954540054247B /* Debug */,
				C01FCF5008A954540054247B /* Release */,
			);
			defaultConfigurationIsVisible = 0;
			defaultConfigurationName = Debug;
		};
/* End XCConfigurationList section */
	};
	rootObject = 29B97313FDCFA39411CA2CEA /* Project object */;
}
